// !$*UTF8*$!
{
	archiveVersion = 1;
	classes = {
	};
	objectVersion = 56;
	objects = {

/* Begin PBXBuildFile section */
		FF4731592ACD933800C4D8BE /* ThreadsSwiftUIApp.swift in Sources */ = {isa = PBXBuildFile; fileRef = FF4731582ACD933800C4D8BE /* ThreadsSwiftUIApp.swift */; };
		FF47315B2ACD933800C4D8BE /* ContentView.swift in Sources */ = {isa = PBXBuildFile; fileRef = FF47315A2ACD933800C4D8BE /* ContentView.swift */; };
		FF4731612ACD933900C4D8BE /* Preview Assets.xcassets in Resources */ = {isa = PBXBuildFile; fileRef = FF4731602ACD933900C4D8BE /* Preview Assets.xcassets */; };
		FF4731682ACD936200C4D8BE /* Assets.xcassets in Resources */ = {isa = PBXBuildFile; fileRef = FF4731672ACD936200C4D8BE /* Assets.xcassets */; };
		FF47316D2ACD950E00C4D8BE /* MainTabView.swift in Sources */ = {isa = PBXBuildFile; fileRef = FF47316C2ACD950E00C4D8BE /* MainTabView.swift */; };
		FF4731702ACD991E00C4D8BE /* FeedView.swift in Sources */ = {isa = PBXBuildFile; fileRef = FF47316F2ACD991E00C4D8BE /* FeedView.swift */; };
		FF4731772ACD999D00C4D8BE /* UserProfileView.swift in Sources */ = {isa = PBXBuildFile; fileRef = FF4731762ACD999D00C4D8BE /* UserProfileView.swift */; };
		FF4731792ACD99A700C4D8BE /* ActivityView.swift in Sources */ = {isa = PBXBuildFile; fileRef = FF4731782ACD99A700C4D8BE /* ActivityView.swift */; };
		FF47317B2ACD99B500C4D8BE /* CreateThreadView.swift in Sources */ = {isa = PBXBuildFile; fileRef = FF47317A2ACD99B500C4D8BE /* CreateThreadView.swift */; };
		FF47317D2ACD99C400C4D8BE /* ExploreView.swift in Sources */ = {isa = PBXBuildFile; fileRef = FF47317C2ACD99C400C4D8BE /* ExploreView.swift */; };
		FF47317F2ACD9D9A00C4D8BE /* GoogleService-Info.plist in Resources */ = {isa = PBXBuildFile; fileRef = FF47317E2ACD9D9A00C4D8BE /* GoogleService-Info.plist */; };
		FF4731932ACDA2C200C4D8BE /* LoginView.swift in Sources */ = {isa = PBXBuildFile; fileRef = FF4731922ACDA2C200C4D8BE /* LoginView.swift */; };
		FF4731952ACDA2FF00C4D8BE /* ContentViewModel.swift in Sources */ = {isa = PBXBuildFile; fileRef = FF4731942ACDA2FF00C4D8BE /* ContentViewModel.swift */; };
		FF47319B2ACDA4B200C4D8BE /* AuthService.swift in Sources */ = {isa = PBXBuildFile; fileRef = FF47319A2ACDA4B200C4D8BE /* AuthService.swift */; };
		FF47319E2ACDA7B500C4D8BE /* FirebaseAnalytics in Frameworks */ = {isa = PBXBuildFile; productRef = FF47319D2ACDA7B500C4D8BE /* FirebaseAnalytics */; };
		FF4731A02ACDA7B500C4D8BE /* FirebaseAnalyticsOnDeviceConversion in Frameworks */ = {isa = PBXBuildFile; productRef = FF47319F2ACDA7B500C4D8BE /* FirebaseAnalyticsOnDeviceConversion */; };
		FF4731A22ACDA7B500C4D8BE /* FirebaseAnalyticsSwift in Frameworks */ = {isa = PBXBuildFile; productRef = FF4731A12ACDA7B500C4D8BE /* FirebaseAnalyticsSwift */; };
		FF4731A42ACDA7B500C4D8BE /* FirebaseAnalyticsWithoutAdIdSupport in Frameworks */ = {isa = PBXBuildFile; productRef = FF4731A32ACDA7B500C4D8BE /* FirebaseAnalyticsWithoutAdIdSupport */; };
		FF4731A62ACDA7B500C4D8BE /* FirebaseAppCheck in Frameworks */ = {isa = PBXBuildFile; productRef = FF4731A52ACDA7B500C4D8BE /* FirebaseAppCheck */; };
		FF4731A82ACDA7B500C4D8BE /* FirebaseAppDistribution-Beta in Frameworks */ = {isa = PBXBuildFile; productRef = FF4731A72ACDA7B500C4D8BE /* FirebaseAppDistribution-Beta */; };
		FF4731AA2ACDA7B500C4D8BE /* FirebaseAuth in Frameworks */ = {isa = PBXBuildFile; productRef = FF4731A92ACDA7B500C4D8BE /* FirebaseAuth */; };
		FF4731AC2ACDA7B500C4D8BE /* FirebaseAuthCombine-Community in Frameworks */ = {isa = PBXBuildFile; productRef = FF4731AB2ACDA7B500C4D8BE /* FirebaseAuthCombine-Community */; };
		FF4731AE2ACDA7B500C4D8BE /* FirebaseCrashlytics in Frameworks */ = {isa = PBXBuildFile; productRef = FF4731AD2ACDA7B500C4D8BE /* FirebaseCrashlytics */; };
		FF4731B02ACDA7B500C4D8BE /* FirebaseDatabase in Frameworks */ = {isa = PBXBuildFile; productRef = FF4731AF2ACDA7B500C4D8BE /* FirebaseDatabase */; };
		FF4731B22ACDA7B500C4D8BE /* FirebaseDatabaseSwift in Frameworks */ = {isa = PBXBuildFile; productRef = FF4731B12ACDA7B500C4D8BE /* FirebaseDatabaseSwift */; };
		FF4731B42ACDA7B500C4D8BE /* FirebaseDynamicLinks in Frameworks */ = {isa = PBXBuildFile; productRef = FF4731B32ACDA7B500C4D8BE /* FirebaseDynamicLinks */; };
		FF4731B62ACDA7B500C4D8BE /* FirebaseFirestore in Frameworks */ = {isa = PBXBuildFile; productRef = FF4731B52ACDA7B500C4D8BE /* FirebaseFirestore */; };
		FF4731B82ACDA7B500C4D8BE /* FirebaseFirestoreCombine-Community in Frameworks */ = {isa = PBXBuildFile; productRef = FF4731B72ACDA7B500C4D8BE /* FirebaseFirestoreCombine-Community */; };
		FF4731BA2ACDA7B500C4D8BE /* FirebaseFirestoreSwift in Frameworks */ = {isa = PBXBuildFile; productRef = FF4731B92ACDA7B500C4D8BE /* FirebaseFirestoreSwift */; };
		FF4731BC2ACDA7B500C4D8BE /* FirebaseFunctions in Frameworks */ = {isa = PBXBuildFile; productRef = FF4731BB2ACDA7B500C4D8BE /* FirebaseFunctions */; };
		FF4731BE2ACDA7B500C4D8BE /* FirebaseFunctionsCombine-Community in Frameworks */ = {isa = PBXBuildFile; productRef = FF4731BD2ACDA7B500C4D8BE /* FirebaseFunctionsCombine-Community */; };
		FF4731C02ACDA7B500C4D8BE /* FirebaseInAppMessaging-Beta in Frameworks */ = {isa = PBXBuildFile; productRef = FF4731BF2ACDA7B500C4D8BE /* FirebaseInAppMessaging-Beta */; };
		FF4731C22ACDA7B500C4D8BE /* FirebaseInAppMessagingSwift-Beta in Frameworks */ = {isa = PBXBuildFile; productRef = FF4731C12ACDA7B500C4D8BE /* FirebaseInAppMessagingSwift-Beta */; };
		FF4731C42ACDA7B500C4D8BE /* FirebaseInstallations in Frameworks */ = {isa = PBXBuildFile; productRef = FF4731C32ACDA7B500C4D8BE /* FirebaseInstallations */; };
		FF4731C62ACDA7B500C4D8BE /* FirebaseMLModelDownloader in Frameworks */ = {isa = PBXBuildFile; productRef = FF4731C52ACDA7B500C4D8BE /* FirebaseMLModelDownloader */; };
		FF4731C82ACDA7B500C4D8BE /* FirebaseMessaging in Frameworks */ = {isa = PBXBuildFile; productRef = FF4731C72ACDA7B500C4D8BE /* FirebaseMessaging */; };
		FF4731CA2ACDA7B500C4D8BE /* FirebasePerformance in Frameworks */ = {isa = PBXBuildFile; productRef = FF4731C92ACDA7B500C4D8BE /* FirebasePerformance */; };
		FF4731CC2ACDA7B500C4D8BE /* FirebaseRemoteConfig in Frameworks */ = {isa = PBXBuildFile; productRef = FF4731CB2ACDA7B500C4D8BE /* FirebaseRemoteConfig */; };
		FF4731CE2ACDA7B500C4D8BE /* FirebaseRemoteConfigSwift in Frameworks */ = {isa = PBXBuildFile; productRef = FF4731CD2ACDA7B500C4D8BE /* FirebaseRemoteConfigSwift */; };
		FF4731D02ACDA7B500C4D8BE /* FirebaseStorage in Frameworks */ = {isa = PBXBuildFile; productRef = FF4731CF2ACDA7B500C4D8BE /* FirebaseStorage */; };
		FF4731D22ACDA7B500C4D8BE /* FirebaseStorageCombine-Community in Frameworks */ = {isa = PBXBuildFile; productRef = FF4731D12ACDA7B500C4D8BE /* FirebaseStorageCombine-Community */; };
		FF4731D42ACDB33100C4D8BE /* LoginViewModel.swift in Sources */ = {isa = PBXBuildFile; fileRef = FF4731D32ACDB33100C4D8BE /* LoginViewModel.swift */; };
		FF4731D82ACDB43500C4D8BE /* View.swift in Sources */ = {isa = PBXBuildFile; fileRef = FF4731D72ACDB43500C4D8BE /* View.swift */; };
		FF4731DA2ACDB56300C4D8BE /* LoginModel.swift in Sources */ = {isa = PBXBuildFile; fileRef = FF4731D92ACDB56300C4D8BE /* LoginModel.swift */; };
		FF4731DE2ACDB6DE00C4D8BE /* TextFieldModifier.swift in Sources */ = {isa = PBXBuildFile; fileRef = FF4731DD2ACDB6DE00C4D8BE /* TextFieldModifier.swift */; };
		FF4731E12ACDB91400C4D8BE /* AuthButton.swift in Sources */ = {isa = PBXBuildFile; fileRef = FF4731E02ACDB91400C4D8BE /* AuthButton.swift */; };
		FF4C5D2F2ACEBA2B003F3E90 /* RegisterView.swift in Sources */ = {isa = PBXBuildFile; fileRef = FF4C5D2E2ACEBA2B003F3E90 /* RegisterView.swift */; };
		FF4C5D312ACEBA3A003F3E90 /* RegisterViewModel.swift in Sources */ = {isa = PBXBuildFile; fileRef = FF4C5D302ACEBA3A003F3E90 /* RegisterViewModel.swift */; };
		FF4C5D332ACEBA4A003F3E90 /* RegisterModel.swift in Sources */ = {isa = PBXBuildFile; fileRef = FF4C5D322ACEBA4A003F3E90 /* RegisterModel.swift */; };
		FF4C5D352ACEC434003F3E90 /* UserService.swift in Sources */ = {isa = PBXBuildFile; fileRef = FF4C5D342ACEC434003F3E90 /* UserService.swift */; };
		FF4C5D382ACEC560003F3E90 /* User.swift in Sources */ = {isa = PBXBuildFile; fileRef = FF4C5D372ACEC560003F3E90 /* User.swift */; };
		FF4C5D3A2ACEE0DD003F3E90 /* FeedViewModel.swift in Sources */ = {isa = PBXBuildFile; fileRef = FF4C5D392ACEE0DD003F3E90 /* FeedViewModel.swift */; };
		FF4C5D3C2ACEED3C003F3E90 /* FeedRecommendView.swift in Sources */ = {isa = PBXBuildFile; fileRef = FF4C5D3B2ACEED3C003F3E90 /* FeedRecommendView.swift */; };
		FF4C5D3E2ACEED4F003F3E90 /* FeedFollowingView.swift in Sources */ = {isa = PBXBuildFile; fileRef = FF4C5D3D2ACEED4F003F3E90 /* FeedFollowingView.swift */; };
		FF4C5D402ACEED5D003F3E90 /* FeedRecommendViewModel.swift in Sources */ = {isa = PBXBuildFile; fileRef = FF4C5D3F2ACEED5D003F3E90 /* FeedRecommendViewModel.swift */; };
		FF4C5D422ACEED6D003F3E90 /* FeedFollowingViewModel.swift in Sources */ = {isa = PBXBuildFile; fileRef = FF4C5D412ACEED6D003F3E90 /* FeedFollowingViewModel.swift */; };
		FF4C5D442ACEF127003F3E90 /* ThreadCell.swift in Sources */ = {isa = PBXBuildFile; fileRef = FF4C5D432ACEF127003F3E90 /* ThreadCell.swift */; };
		FF4C5D472ACF8852003F3E90 /* ExploreViewModel.swift in Sources */ = {isa = PBXBuildFile; fileRef = FF4C5D462ACF8852003F3E90 /* ExploreViewModel.swift */; };
		FF4C5D492ACF8B24003F3E90 /* UserCell.swift in Sources */ = {isa = PBXBuildFile; fileRef = FF4C5D482ACF8B24003F3E90 /* UserCell.swift */; };
		FF4C5D4D2ACF9231003F3E90 /* UserProfileViewModel.swift in Sources */ = {isa = PBXBuildFile; fileRef = FF4C5D4C2ACF9231003F3E90 /* UserProfileViewModel.swift */; };
		FF4C5D4F2ACFA893003F3E90 /* CircluarProfileImageView.swift in Sources */ = {isa = PBXBuildFile; fileRef = FF4C5D4E2ACFA893003F3E90 /* CircluarProfileImageView.swift */; };
		FF4C5D512ACFAFE3003F3E90 /* ProfileThreadFilter.swift in Sources */ = {isa = PBXBuildFile; fileRef = FF4C5D502ACFAFE3003F3E90 /* ProfileThreadFilter.swift */; };
		FF4C5D542ACFBBDF003F3E90 /* EditProfileView.swift in Sources */ = {isa = PBXBuildFile; fileRef = FF4C5D532ACFBBDF003F3E90 /* EditProfileView.swift */; };
		FF4C5D562AD00FC8003F3E90 /* PreviewProvider.swift in Sources */ = {isa = PBXBuildFile; fileRef = FF4C5D552AD00FC8003F3E90 /* PreviewProvider.swift */; };
		FF4C5D582AD01715003F3E90 /* CurrentUserProfileView.swift in Sources */ = {isa = PBXBuildFile; fileRef = FF4C5D572AD01715003F3E90 /* CurrentUserProfileView.swift */; };
		FF4C5D5A2AD0355D003F3E90 /* ProfileHeaderView.swift in Sources */ = {isa = PBXBuildFile; fileRef = FF4C5D592AD0355D003F3E90 /* ProfileHeaderView.swift */; };
		FF4C5D5C2AD03E17003F3E90 /* UserContentListView.swift in Sources */ = {isa = PBXBuildFile; fileRef = FF4C5D5B2AD03E17003F3E90 /* UserContentListView.swift */; };
		FF4C5D5E2AD047BA003F3E90 /* CurrentUserProfileViewModel.swift in Sources */ = {isa = PBXBuildFile; fileRef = FF4C5D5D2AD047BA003F3E90 /* CurrentUserProfileViewModel.swift */; };
		FF4C5D602AD11FBA003F3E90 /* EditProfileViewModel.swift in Sources */ = {isa = PBXBuildFile; fileRef = FF4C5D5F2AD11FBA003F3E90 /* EditProfileViewModel.swift */; };
		FF4C5D622AD12275003F3E90 /* ImageUploder.swift in Sources */ = {isa = PBXBuildFile; fileRef = FF4C5D612AD12275003F3E90 /* ImageUploder.swift */; };
		FF4C5D642AD12C73003F3E90 /* UIimage+Extensions.swift in Sources */ = {isa = PBXBuildFile; fileRef = FF4C5D632AD12C73003F3E90 /* UIimage+Extensions.swift */; };
		FF4C5D672AD1323F003F3E90 /* Kingfisher in Frameworks */ = {isa = PBXBuildFile; productRef = FF4C5D662AD1323F003F3E90 /* Kingfisher */; };
		FF4C5D692AD1350C003F3E90 /* CreateThreadViewModel.swift in Sources */ = {isa = PBXBuildFile; fileRef = FF4C5D682AD1350C003F3E90 /* CreateThreadViewModel.swift */; };
		FF4C5D6B2AD16E76003F3E90 /* Thread.swift in Sources */ = {isa = PBXBuildFile; fileRef = FF4C5D6A2AD16E76003F3E90 /* Thread.swift */; };
		FF4C5D6D2AD16F93003F3E90 /* ThreadService.swift in Sources */ = {isa = PBXBuildFile; fileRef = FF4C5D6C2AD16F93003F3E90 /* ThreadService.swift */; };
		FF4C5D712AD187D2003F3E90 /* UserContentListViewModel.swift in Sources */ = {isa = PBXBuildFile; fileRef = FF4C5D702AD187D2003F3E90 /* UserContentListViewModel.swift */; };
		FF4C5D732AD18EF5003F3E90 /* Timestamp.swift in Sources */ = {isa = PBXBuildFile; fileRef = FF4C5D722AD18EF5003F3E90 /* Timestamp.swift */; };
/* End PBXBuildFile section */

/* Begin PBXFileReference section */
		FF4731552ACD933800C4D8BE /* ThreadsSwiftUI.app */ = {isa = PBXFileReference; explicitFileType = wrapper.application; includeInIndex = 0; path = ThreadsSwiftUI.app; sourceTree = BUILT_PRODUCTS_DIR; };
		FF4731582ACD933800C4D8BE /* ThreadsSwiftUIApp.swift */ = {isa = PBXFileReference; lastKnownFileType = sourcecode.swift; path = ThreadsSwiftUIApp.swift; sourceTree = "<group>"; };
		FF47315A2ACD933800C4D8BE /* ContentView.swift */ = {isa = PBXFileReference; lastKnownFileType = sourcecode.swift; path = ContentView.swift; sourceTree = "<group>"; };
		FF47315E2ACD933900C4D8BE /* ThreadsSwiftUI.entitlements */ = {isa = PBXFileReference; lastKnownFileType = text.plist.entitlements; path = ThreadsSwiftUI.entitlements; sourceTree = "<group>"; };
		FF4731602ACD933900C4D8BE /* Preview Assets.xcassets */ = {isa = PBXFileReference; lastKnownFileType = folder.assetcatalog; path = "Preview Assets.xcassets"; sourceTree = "<group>"; };
		FF4731672ACD936200C4D8BE /* Assets.xcassets */ = {isa = PBXFileReference; lastKnownFileType = folder.assetcatalog; path = Assets.xcassets; sourceTree = "<group>"; };
		FF47316C2ACD950E00C4D8BE /* MainTabView.swift */ = {isa = PBXFileReference; lastKnownFileType = sourcecode.swift; path = MainTabView.swift; sourceTree = "<group>"; };
		FF47316F2ACD991E00C4D8BE /* FeedView.swift */ = {isa = PBXFileReference; lastKnownFileType = sourcecode.swift; path = FeedView.swift; sourceTree = "<group>"; };
		FF4731762ACD999D00C4D8BE /* UserProfileView.swift */ = {isa = PBXFileReference; lastKnownFileType = sourcecode.swift; path = UserProfileView.swift; sourceTree = "<group>"; };
		FF4731782ACD99A700C4D8BE /* ActivityView.swift */ = {isa = PBXFileReference; lastKnownFileType = sourcecode.swift; path = ActivityView.swift; sourceTree = "<group>"; };
		FF47317A2ACD99B500C4D8BE /* CreateThreadView.swift */ = {isa = PBXFileReference; lastKnownFileType = sourcecode.swift; path = CreateThreadView.swift; sourceTree = "<group>"; };
		FF47317C2ACD99C400C4D8BE /* ExploreView.swift */ = {isa = PBXFileReference; lastKnownFileType = sourcecode.swift; path = ExploreView.swift; sourceTree = "<group>"; };
		FF47317E2ACD9D9A00C4D8BE /* GoogleService-Info.plist */ = {isa = PBXFileReference; fileEncoding = 4; lastKnownFileType = text.plist.xml; path = "GoogleService-Info.plist"; sourceTree = "<group>"; };
		FF4731922ACDA2C200C4D8BE /* LoginView.swift */ = {isa = PBXFileReference; lastKnownFileType = sourcecode.swift; path = LoginView.swift; sourceTree = "<group>"; };
		FF4731942ACDA2FF00C4D8BE /* ContentViewModel.swift */ = {isa = PBXFileReference; lastKnownFileType = sourcecode.swift; path = ContentViewModel.swift; sourceTree = "<group>"; };
		FF47319A2ACDA4B200C4D8BE /* AuthService.swift */ = {isa = PBXFileReference; lastKnownFileType = sourcecode.swift; path = AuthService.swift; sourceTree = "<group>"; };
		FF4731D32ACDB33100C4D8BE /* LoginViewModel.swift */ = {isa = PBXFileReference; lastKnownFileType = sourcecode.swift; path = LoginViewModel.swift; sourceTree = "<group>"; };
		FF4731D72ACDB43500C4D8BE /* View.swift */ = {isa = PBXFileReference; lastKnownFileType = sourcecode.swift; path = View.swift; sourceTree = "<group>"; };
		FF4731D92ACDB56300C4D8BE /* LoginModel.swift */ = {isa = PBXFileReference; lastKnownFileType = sourcecode.swift; path = LoginModel.swift; sourceTree = "<group>"; };
		FF4731DD2ACDB6DE00C4D8BE /* TextFieldModifier.swift */ = {isa = PBXFileReference; lastKnownFileType = sourcecode.swift; path = TextFieldModifier.swift; sourceTree = "<group>"; };
		FF4731E02ACDB91400C4D8BE /* AuthButton.swift */ = {isa = PBXFileReference; lastKnownFileType = sourcecode.swift; path = AuthButton.swift; sourceTree = "<group>"; };
		FF4C5D2E2ACEBA2B003F3E90 /* RegisterView.swift */ = {isa = PBXFileReference; lastKnownFileType = sourcecode.swift; path = RegisterView.swift; sourceTree = "<group>"; };
		FF4C5D302ACEBA3A003F3E90 /* RegisterViewModel.swift */ = {isa = PBXFileReference; lastKnownFileType = sourcecode.swift; path = RegisterViewModel.swift; sourceTree = "<group>"; };
		FF4C5D322ACEBA4A003F3E90 /* RegisterModel.swift */ = {isa = PBXFileReference; lastKnownFileType = sourcecode.swift; path = RegisterModel.swift; sourceTree = "<group>"; };
		FF4C5D342ACEC434003F3E90 /* UserService.swift */ = {isa = PBXFileReference; lastKnownFileType = sourcecode.swift; path = UserService.swift; sourceTree = "<group>"; };
		FF4C5D372ACEC560003F3E90 /* User.swift */ = {isa = PBXFileReference; lastKnownFileType = sourcecode.swift; path = User.swift; sourceTree = "<group>"; };
		FF4C5D392ACEE0DD003F3E90 /* FeedViewModel.swift */ = {isa = PBXFileReference; lastKnownFileType = sourcecode.swift; path = FeedViewModel.swift; sourceTree = "<group>"; };
		FF4C5D3B2ACEED3C003F3E90 /* FeedRecommendView.swift */ = {isa = PBXFileReference; lastKnownFileType = sourcecode.swift; path = FeedRecommendView.swift; sourceTree = "<group>"; };
		FF4C5D3D2ACEED4F003F3E90 /* FeedFollowingView.swift */ = {isa = PBXFileReference; lastKnownFileType = sourcecode.swift; path = FeedFollowingView.swift; sourceTree = "<group>"; };
		FF4C5D3F2ACEED5D003F3E90 /* FeedRecommendViewModel.swift */ = {isa = PBXFileReference; lastKnownFileType = sourcecode.swift; path = FeedRecommendViewModel.swift; sourceTree = "<group>"; };
		FF4C5D412ACEED6D003F3E90 /* FeedFollowingViewModel.swift */ = {isa = PBXFileReference; lastKnownFileType = sourcecode.swift; path = FeedFollowingViewModel.swift; sourceTree = "<group>"; };
		FF4C5D432ACEF127003F3E90 /* ThreadCell.swift */ = {isa = PBXFileReference; lastKnownFileType = sourcecode.swift; path = ThreadCell.swift; sourceTree = "<group>"; };
		FF4C5D462ACF8852003F3E90 /* ExploreViewModel.swift */ = {isa = PBXFileReference; lastKnownFileType = sourcecode.swift; path = ExploreViewModel.swift; sourceTree = "<group>"; };
		FF4C5D482ACF8B24003F3E90 /* UserCell.swift */ = {isa = PBXFileReference; lastKnownFileType = sourcecode.swift; path = UserCell.swift; sourceTree = "<group>"; };
		FF4C5D4C2ACF9231003F3E90 /* UserProfileViewModel.swift */ = {isa = PBXFileReference; lastKnownFileType = sourcecode.swift; path = UserProfileViewModel.swift; sourceTree = "<group>"; };
		FF4C5D4E2ACFA893003F3E90 /* CircluarProfileImageView.swift */ = {isa = PBXFileReference; lastKnownFileType = sourcecode.swift; path = CircluarProfileImageView.swift; sourceTree = "<group>"; };
		FF4C5D502ACFAFE3003F3E90 /* ProfileThreadFilter.swift */ = {isa = PBXFileReference; lastKnownFileType = sourcecode.swift; path = ProfileThreadFilter.swift; sourceTree = "<group>"; };
		FF4C5D532ACFBBDF003F3E90 /* EditProfileView.swift */ = {isa = PBXFileReference; lastKnownFileType = sourcecode.swift; path = EditProfileView.swift; sourceTree = "<group>"; };
		FF4C5D552AD00FC8003F3E90 /* PreviewProvider.swift */ = {isa = PBXFileReference; lastKnownFileType = sourcecode.swift; path = PreviewProvider.swift; sourceTree = "<group>"; };
		FF4C5D572AD01715003F3E90 /* CurrentUserProfileView.swift */ = {isa = PBXFileReference; lastKnownFileType = sourcecode.swift; path = CurrentUserProfileView.swift; sourceTree = "<group>"; };
		FF4C5D592AD0355D003F3E90 /* ProfileHeaderView.swift */ = {isa = PBXFileReference; lastKnownFileType = sourcecode.swift; path = ProfileHeaderView.swift; sourceTree = "<group>"; };
		FF4C5D5B2AD03E17003F3E90 /* UserContentListView.swift */ = {isa = PBXFileReference; lastKnownFileType = sourcecode.swift; path = UserContentListView.swift; sourceTree = "<group>"; };
		FF4C5D5D2AD047BA003F3E90 /* CurrentUserProfileViewModel.swift */ = {isa = PBXFileReference; lastKnownFileType = sourcecode.swift; path = CurrentUserProfileViewModel.swift; sourceTree = "<group>"; };
		FF4C5D5F2AD11FBA003F3E90 /* EditProfileViewModel.swift */ = {isa = PBXFileReference; lastKnownFileType = sourcecode.swift; path = EditProfileViewModel.swift; sourceTree = "<group>"; };
		FF4C5D612AD12275003F3E90 /* ImageUploder.swift */ = {isa = PBXFileReference; lastKnownFileType = sourcecode.swift; path = ImageUploder.swift; sourceTree = "<group>"; };
		FF4C5D632AD12C73003F3E90 /* UIimage+Extensions.swift */ = {isa = PBXFileReference; lastKnownFileType = sourcecode.swift; path = "UIimage+Extensions.swift"; sourceTree = "<group>"; };
		FF4C5D682AD1350C003F3E90 /* CreateThreadViewModel.swift */ = {isa = PBXFileReference; lastKnownFileType = sourcecode.swift; path = CreateThreadViewModel.swift; sourceTree = "<group>"; };
		FF4C5D6A2AD16E76003F3E90 /* Thread.swift */ = {isa = PBXFileReference; lastKnownFileType = sourcecode.swift; path = Thread.swift; sourceTree = "<group>"; };
		FF4C5D6C2AD16F93003F3E90 /* ThreadService.swift */ = {isa = PBXFileReference; lastKnownFileType = sourcecode.swift; path = ThreadService.swift; sourceTree = "<group>"; };
		FF4C5D702AD187D2003F3E90 /* UserContentListViewModel.swift */ = {isa = PBXFileReference; lastKnownFileType = sourcecode.swift; path = UserContentListViewModel.swift; sourceTree = "<group>"; };
		FF4C5D722AD18EF5003F3E90 /* Timestamp.swift */ = {isa = PBXFileReference; lastKnownFileType = sourcecode.swift; path = Timestamp.swift; sourceTree = "<group>"; };
/* End PBXFileReference section */

/* Begin PBXFrameworksBuildPhase section */
		FF4731522ACD933800C4D8BE /* Frameworks */ = {
			isa = PBXFrameworksBuildPhase;
			buildActionMask = 2147483647;
			files = (
				FF4731B02ACDA7B500C4D8BE /* FirebaseDatabase in Frameworks */,
				FF4731BE2ACDA7B500C4D8BE /* FirebaseFunctionsCombine-Community in Frameworks */,
				FF4731B62ACDA7B500C4D8BE /* FirebaseFirestore in Frameworks */,
				FF4731A22ACDA7B500C4D8BE /* FirebaseAnalyticsSwift in Frameworks */,
				FF47319E2ACDA7B500C4D8BE /* FirebaseAnalytics in Frameworks */,
				FF4731A02ACDA7B500C4D8BE /* FirebaseAnalyticsOnDeviceConversion in Frameworks */,
				FF4731C62ACDA7B500C4D8BE /* FirebaseMLModelDownloader in Frameworks */,
				FF4731BA2ACDA7B500C4D8BE /* FirebaseFirestoreSwift in Frameworks */,
				FF4731A62ACDA7B500C4D8BE /* FirebaseAppCheck in Frameworks */,
				FF4731A42ACDA7B500C4D8BE /* FirebaseAnalyticsWithoutAdIdSupport in Frameworks */,
				FF4731AA2ACDA7B500C4D8BE /* FirebaseAuth in Frameworks */,
				FF4731AE2ACDA7B500C4D8BE /* FirebaseCrashlytics in Frameworks */,
				FF4731CE2ACDA7B500C4D8BE /* FirebaseRemoteConfigSwift in Frameworks */,
				FF4731C02ACDA7B500C4D8BE /* FirebaseInAppMessaging-Beta in Frameworks */,
				FF4731B22ACDA7B500C4D8BE /* FirebaseDatabaseSwift in Frameworks */,
				FF4731BC2ACDA7B500C4D8BE /* FirebaseFunctions in Frameworks */,
				FF4C5D672AD1323F003F3E90 /* Kingfisher in Frameworks */,
				FF4731D22ACDA7B500C4D8BE /* FirebaseStorageCombine-Community in Frameworks */,
				FF4731CC2ACDA7B500C4D8BE /* FirebaseRemoteConfig in Frameworks */,
				FF4731A82ACDA7B500C4D8BE /* FirebaseAppDistribution-Beta in Frameworks */,
				FF4731AC2ACDA7B500C4D8BE /* FirebaseAuthCombine-Community in Frameworks */,
				FF4731CA2ACDA7B500C4D8BE /* FirebasePerformance in Frameworks */,
				FF4731C22ACDA7B500C4D8BE /* FirebaseInAppMessagingSwift-Beta in Frameworks */,
				FF4731D02ACDA7B500C4D8BE /* FirebaseStorage in Frameworks */,
				FF4731B42ACDA7B500C4D8BE /* FirebaseDynamicLinks in Frameworks */,
				FF4731B82ACDA7B500C4D8BE /* FirebaseFirestoreCombine-Community in Frameworks */,
				FF4731C82ACDA7B500C4D8BE /* FirebaseMessaging in Frameworks */,
				FF4731C42ACDA7B500C4D8BE /* FirebaseInstallations in Frameworks */,
			);
			runOnlyForDeploymentPostprocessing = 0;
		};
/* End PBXFrameworksBuildPhase section */

/* Begin PBXGroup section */
		FF47314C2ACD933800C4D8BE = {
			isa = PBXGroup;
			children = (
				FF4731572ACD933800C4D8BE /* ThreadsSwiftUI */,
				FF4731562ACD933800C4D8BE /* Products */,
				FF4731962ACDA3E400C4D8BE /* Frameworks */,
			);
			sourceTree = "<group>";
		};
		FF4731562ACD933800C4D8BE /* Products */ = {
			isa = PBXGroup;
			children = (
				FF4731552ACD933800C4D8BE /* ThreadsSwiftUI.app */,
			);
			name = Products;
			sourceTree = "<group>";
		};
		FF4731572ACD933800C4D8BE /* ThreadsSwiftUI */ = {
			isa = PBXGroup;
			children = (
				FF4C5D362ACEC557003F3E90 /* Model */,
				FF4731DB2ACDB6AC00C4D8BE /* Utils */,
				FF4731992ACDA49600C4D8BE /* Service */,
				FF4731D52ACDB40B00C4D8BE /* Extensions */,
				FF4731692ACD94CF00C4D8BE /* Core */,
				FF47318C2ACDA1F900C4D8BE /* Root */,
				FF4731582ACD933800C4D8BE /* ThreadsSwiftUIApp.swift */,
				FF47315E2ACD933900C4D8BE /* ThreadsSwiftUI.entitlements */,
				FF47317E2ACD9D9A00C4D8BE /* GoogleService-Info.plist */,
				FF4731672ACD936200C4D8BE /* Assets.xcassets */,
				FF47315F2ACD933900C4D8BE /* Preview Content */,
			);
			path = ThreadsSwiftUI;
			sourceTree = "<group>";
		};
		FF47315F2ACD933900C4D8BE /* Preview Content */ = {
			isa = PBXGroup;
			children = (
				FF4731602ACD933900C4D8BE /* Preview Assets.xcassets */,
			);
			path = "Preview Content";
			sourceTree = "<group>";
		};
		FF4731692ACD94CF00C4D8BE /* Core */ = {
			isa = PBXGroup;
			children = (
				FF47318D2ACDA26B00C4D8BE /* Authentication */,
				FF47316E2ACD990500C4D8BE /* TabViews */,
			);
			path = Core;
			sourceTree = "<group>";
		};
		FF47316E2ACD990500C4D8BE /* TabViews */ = {
			isa = PBXGroup;
			children = (
				FF47316C2ACD950E00C4D8BE /* MainTabView.swift */,
				FF4731712ACD992300C4D8BE /* Feed */,
				FF4731722ACD993A00C4D8BE /* Explore */,
				FF4731732ACD994B00C4D8BE /* CreateThread */,
				FF4731742ACD995900C4D8BE /* Activity */,
				FF4731752ACD996700C4D8BE /* UserProfile */,
			);
			path = TabViews;
			sourceTree = "<group>";
		};
		FF4731712ACD992300C4D8BE /* Feed */ = {
			isa = PBXGroup;
			children = (
				FF4C5D392ACEE0DD003F3E90 /* FeedViewModel.swift */,
				FF4C5D3F2ACEED5D003F3E90 /* FeedRecommendViewModel.swift */,
				FF4C5D412ACEED6D003F3E90 /* FeedFollowingViewModel.swift */,
				FF47316F2ACD991E00C4D8BE /* FeedView.swift */,
				FF4C5D3B2ACEED3C003F3E90 /* FeedRecommendView.swift */,
				FF4C5D3D2ACEED4F003F3E90 /* FeedFollowingView.swift */,
			);
			path = Feed;
			sourceTree = "<group>";
		};
		FF4731722ACD993A00C4D8BE /* Explore */ = {
			isa = PBXGroup;
			children = (
				FF47317C2ACD99C400C4D8BE /* ExploreView.swift */,
				FF4C5D462ACF8852003F3E90 /* ExploreViewModel.swift */,
			);
			path = Explore;
			sourceTree = "<group>";
		};
		FF4731732ACD994B00C4D8BE /* CreateThread */ = {
			isa = PBXGroup;
			children = (
				FF47317A2ACD99B500C4D8BE /* CreateThreadView.swift */,
				FF4C5D682AD1350C003F3E90 /* CreateThreadViewModel.swift */,
			);
			path = CreateThread;
			sourceTree = "<group>";
		};
		FF4731742ACD995900C4D8BE /* Activity */ = {
			isa = PBXGroup;
			children = (
				FF4731782ACD99A700C4D8BE /* ActivityView.swift */,
			);
			path = Activity;
			sourceTree = "<group>";
		};
		FF4731752ACD996700C4D8BE /* UserProfile */ = {
			isa = PBXGroup;
			children = (
				FF4C5D522ACFBBAC003F3E90 /* EditProfile */,
				FF4731762ACD999D00C4D8BE /* UserProfileView.swift */,
				FF4C5D4C2ACF9231003F3E90 /* UserProfileViewModel.swift */,
				FF4C5D5D2AD047BA003F3E90 /* CurrentUserProfileViewModel.swift */,
				FF4C5D502ACFAFE3003F3E90 /* ProfileThreadFilter.swift */,
				FF4C5D572AD01715003F3E90 /* CurrentUserProfileView.swift */,
			);
			path = UserProfile;
			sourceTree = "<group>";
		};
		FF47318C2ACDA1F900C4D8BE /* Root */ = {
			isa = PBXGroup;
			children = (
				FF47315A2ACD933800C4D8BE /* ContentView.swift */,
				FF4731942ACDA2FF00C4D8BE /* ContentViewModel.swift */,
			);
			path = Root;
			sourceTree = "<group>";
		};
		FF47318D2ACDA26B00C4D8BE /* Authentication */ = {
			isa = PBXGroup;
			children = (
				FF47318E2ACDA27200C4D8BE /* Login */,
				FF4C5D2D2ACEBA04003F3E90 /* Register */,
			);
			path = Authentication;
			sourceTree = "<group>";
		};
		FF47318E2ACDA27200C4D8BE /* Login */ = {
			isa = PBXGroup;
			children = (
				FF4731D32ACDB33100C4D8BE /* LoginViewModel.swift */,
				FF4731D92ACDB56300C4D8BE /* LoginModel.swift */,
				FF4731922ACDA2C200C4D8BE /* LoginView.swift */,
			);
			path = Login;
			sourceTree = "<group>";
		};
		FF4731962ACDA3E400C4D8BE /* Frameworks */ = {
			isa = PBXGroup;
			children = (
			);
			name = Frameworks;
			sourceTree = "<group>";
		};
		FF4731992ACDA49600C4D8BE /* Service */ = {
			isa = PBXGroup;
			children = (
				FF47319A2ACDA4B200C4D8BE /* AuthService.swift */,
				FF4C5D342ACEC434003F3E90 /* UserService.swift */,
				FF4C5D612AD12275003F3E90 /* ImageUploder.swift */,
				FF4C5D6C2AD16F93003F3E90 /* ThreadService.swift */,
			);
			path = Service;
			sourceTree = "<group>";
		};
		FF4731D52ACDB40B00C4D8BE /* Extensions */ = {
			isa = PBXGroup;
			children = (
				FF4731D72ACDB43500C4D8BE /* View.swift */,
				FF4C5D552AD00FC8003F3E90 /* PreviewProvider.swift */,
				FF4C5D632AD12C73003F3E90 /* UIimage+Extensions.swift */,
				FF4C5D722AD18EF5003F3E90 /* Timestamp.swift */,
			);
			path = Extensions;
			sourceTree = "<group>";
		};
		FF4731DB2ACDB6AC00C4D8BE /* Utils */ = {
			isa = PBXGroup;
			children = (
				FF4731DF2ACDB8FF00C4D8BE /* CustomComponents */,
				FF4731DC2ACDB6C200C4D8BE /* Modifiers */,
				FF4C5D592AD0355D003F3E90 /* ProfileHeaderView.swift */,
			);
			path = Utils;
			sourceTree = "<group>";
		};
		FF4731DC2ACDB6C200C4D8BE /* Modifiers */ = {
			isa = PBXGroup;
			children = (
				FF4731DD2ACDB6DE00C4D8BE /* TextFieldModifier.swift */,
			);
			path = Modifiers;
			sourceTree = "<group>";
		};
		FF4731DF2ACDB8FF00C4D8BE /* CustomComponents */ = {
			isa = PBXGroup;
			children = (
				FF4C5D6F2AD187B6003F3E90 /* View */,
				FF4C5D6E2AD187AF003F3E90 /* ViewModel */,
			);
			path = CustomComponents;
			sourceTree = "<group>";
		};
		FF4C5D2D2ACEBA04003F3E90 /* Register */ = {
			isa = PBXGroup;
			children = (
				FF4C5D2E2ACEBA2B003F3E90 /* RegisterView.swift */,
				FF4C5D302ACEBA3A003F3E90 /* RegisterViewModel.swift */,
				FF4C5D322ACEBA4A003F3E90 /* RegisterModel.swift */,
			);
			path = Register;
			sourceTree = "<group>";
		};
		FF4C5D362ACEC557003F3E90 /* Model */ = {
			isa = PBXGroup;
			children = (
				FF4C5D372ACEC560003F3E90 /* User.swift */,
				FF4C5D6A2AD16E76003F3E90 /* Thread.swift */,
			);
			path = Model;
			sourceTree = "<group>";
		};
		FF4C5D522ACFBBAC003F3E90 /* EditProfile */ = {
			isa = PBXGroup;
			children = (
				FF4C5D532ACFBBDF003F3E90 /* EditProfileView.swift */,
				FF4C5D5F2AD11FBA003F3E90 /* EditProfileViewModel.swift */,
			);
			path = EditProfile;
			sourceTree = "<group>";
		};
		FF4C5D6E2AD187AF003F3E90 /* ViewModel */ = {
			isa = PBXGroup;
			children = (
				FF4C5D702AD187D2003F3E90 /* UserContentListViewModel.swift */,
			);
			path = ViewModel;
			sourceTree = "<group>";
		};
		FF4C5D6F2AD187B6003F3E90 /* View */ = {
			isa = PBXGroup;
			children = (
				FF4C5D432ACEF127003F3E90 /* ThreadCell.swift */,
				FF4731E02ACDB91400C4D8BE /* AuthButton.swift */,
				FF4C5D482ACF8B24003F3E90 /* UserCell.swift */,
				FF4C5D4E2ACFA893003F3E90 /* CircluarProfileImageView.swift */,
				FF4C5D5B2AD03E17003F3E90 /* UserContentListView.swift */,
			);
			path = View;
			sourceTree = "<group>";
		};
/* End PBXGroup section */

/* Begin PBXNativeTarget section */
		FF4731542ACD933800C4D8BE /* ThreadsSwiftUI */ = {
			isa = PBXNativeTarget;
			buildConfigurationList = FF4731642ACD933900C4D8BE /* Build configuration list for PBXNativeTarget "ThreadsSwiftUI" */;
			buildPhases = (
				FF4731512ACD933800C4D8BE /* Sources */,
				FF4731522ACD933800C4D8BE /* Frameworks */,
				FF4731532ACD933800C4D8BE /* Resources */,
			);
			buildRules = (
			);
			dependencies = (
			);
			name = ThreadsSwiftUI;
			packageProductDependencies = (
				FF47319D2ACDA7B500C4D8BE /* FirebaseAnalytics */,
				FF47319F2ACDA7B500C4D8BE /* FirebaseAnalyticsOnDeviceConversion */,
				FF4731A12ACDA7B500C4D8BE /* FirebaseAnalyticsSwift */,
				FF4731A32ACDA7B500C4D8BE /* FirebaseAnalyticsWithoutAdIdSupport */,
				FF4731A52ACDA7B500C4D8BE /* FirebaseAppCheck */,
				FF4731A72ACDA7B500C4D8BE /* FirebaseAppDistribution-Beta */,
				FF4731A92ACDA7B500C4D8BE /* FirebaseAuth */,
				FF4731AB2ACDA7B500C4D8BE /* FirebaseAuthCombine-Community */,
				FF4731AD2ACDA7B500C4D8BE /* FirebaseCrashlytics */,
				FF4731AF2ACDA7B500C4D8BE /* FirebaseDatabase */,
				FF4731B12ACDA7B500C4D8BE /* FirebaseDatabaseSwift */,
				FF4731B32ACDA7B500C4D8BE /* FirebaseDynamicLinks */,
				FF4731B52ACDA7B500C4D8BE /* FirebaseFirestore */,
				FF4731B72ACDA7B500C4D8BE /* FirebaseFirestoreCombine-Community */,
				FF4731B92ACDA7B500C4D8BE /* FirebaseFirestoreSwift */,
				FF4731BB2ACDA7B500C4D8BE /* FirebaseFunctions */,
				FF4731BD2ACDA7B500C4D8BE /* FirebaseFunctionsCombine-Community */,
				FF4731BF2ACDA7B500C4D8BE /* FirebaseInAppMessaging-Beta */,
				FF4731C12ACDA7B500C4D8BE /* FirebaseInAppMessagingSwift-Beta */,
				FF4731C32ACDA7B500C4D8BE /* FirebaseInstallations */,
				FF4731C52ACDA7B500C4D8BE /* FirebaseMLModelDownloader */,
				FF4731C72ACDA7B500C4D8BE /* FirebaseMessaging */,
				FF4731C92ACDA7B500C4D8BE /* FirebasePerformance */,
				FF4731CB2ACDA7B500C4D8BE /* FirebaseRemoteConfig */,
				FF4731CD2ACDA7B500C4D8BE /* FirebaseRemoteConfigSwift */,
				FF4731CF2ACDA7B500C4D8BE /* FirebaseStorage */,
				FF4731D12ACDA7B500C4D8BE /* FirebaseStorageCombine-Community */,
				FF4C5D662AD1323F003F3E90 /* Kingfisher */,
			);
			productName = ThreadsSwiftUI;
			productReference = FF4731552ACD933800C4D8BE /* ThreadsSwiftUI.app */;
			productType = "com.apple.product-type.application";
		};
/* End PBXNativeTarget section */

/* Begin PBXProject section */
		FF47314D2ACD933800C4D8BE /* Project object */ = {
			isa = PBXProject;
			attributes = {
				BuildIndependentTargetsInParallel = 1;
				LastSwiftUpdateCheck = 1500;
				LastUpgradeCheck = 1500;
				TargetAttributes = {
					FF4731542ACD933800C4D8BE = {
						CreatedOnToolsVersion = 15.0;
					};
				};
			};
			buildConfigurationList = FF4731502ACD933800C4D8BE /* Build configuration list for PBXProject "ThreadsSwiftUI" */;
			compatibilityVersion = "Xcode 14.0";
			developmentRegion = en;
			hasScannedForEncodings = 0;
			knownRegions = (
				en,
				Base,
			);
			mainGroup = FF47314C2ACD933800C4D8BE;
			packageReferences = (
				FF47319C2ACDA7B500C4D8BE /* XCRemoteSwiftPackageReference "firebase-ios-sdk" */,
				FF4C5D652AD1323F003F3E90 /* XCRemoteSwiftPackageReference "Kingfisher" */,
			);
			productRefGroup = FF4731562ACD933800C4D8BE /* Products */;
			projectDirPath = "";
			projectRoot = "";
			targets = (
				FF4731542ACD933800C4D8BE /* ThreadsSwiftUI */,
			);
		};
/* End PBXProject section */

/* Begin PBXResourcesBuildPhase section */
		FF4731532ACD933800C4D8BE /* Resources */ = {
			isa = PBXResourcesBuildPhase;
			buildActionMask = 2147483647;
			files = (
				FF4731682ACD936200C4D8BE /* Assets.xcassets in Resources */,
				FF4731612ACD933900C4D8BE /* Preview Assets.xcassets in Resources */,
				FF47317F2ACD9D9A00C4D8BE /* GoogleService-Info.plist in Resources */,
			);
			runOnlyForDeploymentPostprocessing = 0;
		};
/* End PBXResourcesBuildPhase section */

/* Begin PBXSourcesBuildPhase section */
		FF4731512ACD933800C4D8BE /* Sources */ = {
			isa = PBXSourcesBuildPhase;
			buildActionMask = 2147483647;
			files = (
				FF4C5D3C2ACEED3C003F3E90 /* FeedRecommendView.swift in Sources */,
				FF4731D82ACDB43500C4D8BE /* View.swift in Sources */,
				FF4C5D4F2ACFA893003F3E90 /* CircluarProfileImageView.swift in Sources */,
				FF4C5D5E2AD047BA003F3E90 /* CurrentUserProfileViewModel.swift in Sources */,
				FF4C5D542ACFBBDF003F3E90 /* EditProfileView.swift in Sources */,
				FF4C5D512ACFAFE3003F3E90 /* ProfileThreadFilter.swift in Sources */,
				FF4C5D3E2ACEED4F003F3E90 /* FeedFollowingView.swift in Sources */,
				FF4C5D642AD12C73003F3E90 /* UIimage+Extensions.swift in Sources */,
				FF4731DA2ACDB56300C4D8BE /* LoginModel.swift in Sources */,
				FF4731772ACD999D00C4D8BE /* UserProfileView.swift in Sources */,
				FF4C5D312ACEBA3A003F3E90 /* RegisterViewModel.swift in Sources */,
				FF4731702ACD991E00C4D8BE /* FeedView.swift in Sources */,
				FF4C5D622AD12275003F3E90 /* ImageUploder.swift in Sources */,
				FF47315B2ACD933800C4D8BE /* ContentView.swift in Sources */,
				FF4C5D732AD18EF5003F3E90 /* Timestamp.swift in Sources */,
				FF4731932ACDA2C200C4D8BE /* LoginView.swift in Sources */,
				FF4731DE2ACDB6DE00C4D8BE /* TextFieldModifier.swift in Sources */,
				FF4731952ACDA2FF00C4D8BE /* ContentViewModel.swift in Sources */,
				FF4C5D402ACEED5D003F3E90 /* FeedRecommendViewModel.swift in Sources */,
				FF47319B2ACDA4B200C4D8BE /* AuthService.swift in Sources */,
				FF4731E12ACDB91400C4D8BE /* AuthButton.swift in Sources */,
				FF4C5D582AD01715003F3E90 /* CurrentUserProfileView.swift in Sources */,
				FF47316D2ACD950E00C4D8BE /* MainTabView.swift in Sources */,
				FF4731592ACD933800C4D8BE /* ThreadsSwiftUIApp.swift in Sources */,
				FF4C5D5C2AD03E17003F3E90 /* UserContentListView.swift in Sources */,
				FF4C5D492ACF8B24003F3E90 /* UserCell.swift in Sources */,
				FF4C5D4D2ACF9231003F3E90 /* UserProfileViewModel.swift in Sources */,
				FF4C5D422ACEED6D003F3E90 /* FeedFollowingViewModel.swift in Sources */,
				FF4731D42ACDB33100C4D8BE /* LoginViewModel.swift in Sources */,
				FF4C5D562AD00FC8003F3E90 /* PreviewProvider.swift in Sources */,
				FF4C5D602AD11FBA003F3E90 /* EditProfileViewModel.swift in Sources */,
				FF4C5D442ACEF127003F3E90 /* ThreadCell.swift in Sources */,
				FF47317B2ACD99B500C4D8BE /* CreateThreadView.swift in Sources */,
				FF4C5D692AD1350C003F3E90 /* CreateThreadViewModel.swift in Sources */,
				FF4C5D472ACF8852003F3E90 /* ExploreViewModel.swift in Sources */,
				FF4C5D2F2ACEBA2B003F3E90 /* RegisterView.swift in Sources */,
				FF4C5D3A2ACEE0DD003F3E90 /* FeedViewModel.swift in Sources */,
				FF4C5D6B2AD16E76003F3E90 /* Thread.swift in Sources */,
				FF4C5D352ACEC434003F3E90 /* UserService.swift in Sources */,
				FF4C5D5A2AD0355D003F3E90 /* ProfileHeaderView.swift in Sources */,
				FF47317D2ACD99C400C4D8BE /* ExploreView.swift in Sources */,
				FF4C5D332ACEBA4A003F3E90 /* RegisterModel.swift in Sources */,
				FF4731792ACD99A700C4D8BE /* ActivityView.swift in Sources */,
				FF4C5D382ACEC560003F3E90 /* User.swift in Sources */,
				FF4C5D6D2AD16F93003F3E90 /* ThreadService.swift in Sources */,
				FF4C5D712AD187D2003F3E90 /* UserContentListViewModel.swift in Sources */,
			);
			runOnlyForDeploymentPostprocessing = 0;
		};
/* End PBXSourcesBuildPhase section */

/* Begin XCBuildConfiguration section */
		FF4731622ACD933900C4D8BE /* Debug */ = {
			isa = XCBuildConfiguration;
			buildSettings = {
				ALWAYS_SEARCH_USER_PATHS = NO;
				ASSETCATALOG_COMPILER_GENERATE_SWIFT_ASSET_SYMBOL_EXTENSIONS = YES;
				CLANG_ANALYZER_NONNULL = YES;
				CLANG_ANALYZER_NUMBER_OBJECT_CONVERSION = YES_AGGRESSIVE;
				CLANG_CXX_LANGUAGE_STANDARD = "gnu++20";
				CLANG_ENABLE_MODULES = YES;
				CLANG_ENABLE_OBJC_ARC = YES;
				CLANG_ENABLE_OBJC_WEAK = YES;
				CLANG_WARN_BLOCK_CAPTURE_AUTORELEASING = YES;
				CLANG_WARN_BOOL_CONVERSION = YES;
				CLANG_WARN_COMMA = YES;
				CLANG_WARN_CONSTANT_CONVERSION = YES;
				CLANG_WARN_DEPRECATED_OBJC_IMPLEMENTATIONS = YES;
				CLANG_WARN_DIRECT_OBJC_ISA_USAGE = YES_ERROR;
				CLANG_WARN_DOCUMENTATION_COMMENTS = YES;
				CLANG_WARN_EMPTY_BODY = YES;
				CLANG_WARN_ENUM_CONVERSION = YES;
				CLANG_WARN_INFINITE_RECURSION = YES;
				CLANG_WARN_INT_CONVERSION = YES;
				CLANG_WARN_NON_LITERAL_NULL_CONVERSION = YES;
				CLANG_WARN_OBJC_IMPLICIT_RETAIN_SELF = YES;
				CLANG_WARN_OBJC_LITERAL_CONVERSION = YES;
				CLANG_WARN_OBJC_ROOT_CLASS = YES_ERROR;
				CLANG_WARN_QUOTED_INCLUDE_IN_FRAMEWORK_HEADER = YES;
				CLANG_WARN_RANGE_LOOP_ANALYSIS = YES;
				CLANG_WARN_STRICT_PROTOTYPES = YES;
				CLANG_WARN_SUSPICIOUS_MOVE = YES;
				CLANG_WARN_UNGUARDED_AVAILABILITY = YES_AGGRESSIVE;
				CLANG_WARN_UNREACHABLE_CODE = YES;
				CLANG_WARN__DUPLICATE_METHOD_MATCH = YES;
				COPY_PHASE_STRIP = NO;
				DEBUG_INFORMATION_FORMAT = dwarf;
				ENABLE_STRICT_OBJC_MSGSEND = YES;
				ENABLE_TESTABILITY = YES;
				ENABLE_USER_SCRIPT_SANDBOXING = YES;
				GCC_C_LANGUAGE_STANDARD = gnu17;
				GCC_DYNAMIC_NO_PIC = NO;
				GCC_NO_COMMON_BLOCKS = YES;
				GCC_OPTIMIZATION_LEVEL = 0;
				GCC_PREPROCESSOR_DEFINITIONS = (
					"DEBUG=1",
					"$(inherited)",
				);
				GCC_WARN_64_TO_32_BIT_CONVERSION = YES;
				GCC_WARN_ABOUT_RETURN_TYPE = YES_ERROR;
				GCC_WARN_UNDECLARED_SELECTOR = YES;
				GCC_WARN_UNINITIALIZED_AUTOS = YES_AGGRESSIVE;
				GCC_WARN_UNUSED_FUNCTION = YES;
				GCC_WARN_UNUSED_VARIABLE = YES;
				LOCALIZATION_PREFERS_STRING_CATALOGS = YES;
				MTL_ENABLE_DEBUG_INFO = INCLUDE_SOURCE;
				MTL_FAST_MATH = YES;
				ONLY_ACTIVE_ARCH = YES;
				SWIFT_ACTIVE_COMPILATION_CONDITIONS = "DEBUG $(inherited)";
				SWIFT_OPTIMIZATION_LEVEL = "-Onone";
			};
			name = Debug;
		};
		FF4731632ACD933900C4D8BE /* Release */ = {
			isa = XCBuildConfiguration;
			buildSettings = {
				ALWAYS_SEARCH_USER_PATHS = NO;
				ASSETCATALOG_COMPILER_GENERATE_SWIFT_ASSET_SYMBOL_EXTENSIONS = YES;
				CLANG_ANALYZER_NONNULL = YES;
				CLANG_ANALYZER_NUMBER_OBJECT_CONVERSION = YES_AGGRESSIVE;
				CLANG_CXX_LANGUAGE_STANDARD = "gnu++20";
				CLANG_ENABLE_MODULES = YES;
				CLANG_ENABLE_OBJC_ARC = YES;
				CLANG_ENABLE_OBJC_WEAK = YES;
				CLANG_WARN_BLOCK_CAPTURE_AUTORELEASING = YES;
				CLANG_WARN_BOOL_CONVERSION = YES;
				CLANG_WARN_COMMA = YES;
				CLANG_WARN_CONSTANT_CONVERSION = YES;
				CLANG_WARN_DEPRECATED_OBJC_IMPLEMENTATIONS = YES;
				CLANG_WARN_DIRECT_OBJC_ISA_USAGE = YES_ERROR;
				CLANG_WARN_DOCUMENTATION_COMMENTS = YES;
				CLANG_WARN_EMPTY_BODY = YES;
				CLANG_WARN_ENUM_CONVERSION = YES;
				CLANG_WARN_INFINITE_RECURSION = YES;
				CLANG_WARN_INT_CONVERSION = YES;
				CLANG_WARN_NON_LITERAL_NULL_CONVERSION = YES;
				CLANG_WARN_OBJC_IMPLICIT_RETAIN_SELF = YES;
				CLANG_WARN_OBJC_LITERAL_CONVERSION = YES;
				CLANG_WARN_OBJC_ROOT_CLASS = YES_ERROR;
				CLANG_WARN_QUOTED_INCLUDE_IN_FRAMEWORK_HEADER = YES;
				CLANG_WARN_RANGE_LOOP_ANALYSIS = YES;
				CLANG_WARN_STRICT_PROTOTYPES = YES;
				CLANG_WARN_SUSPICIOUS_MOVE = YES;
				CLANG_WARN_UNGUARDED_AVAILABILITY = YES_AGGRESSIVE;
				CLANG_WARN_UNREACHABLE_CODE = YES;
				CLANG_WARN__DUPLICATE_METHOD_MATCH = YES;
				COPY_PHASE_STRIP = NO;
				DEBUG_INFORMATION_FORMAT = "dwarf-with-dsym";
				ENABLE_NS_ASSERTIONS = NO;
				ENABLE_STRICT_OBJC_MSGSEND = YES;
				ENABLE_USER_SCRIPT_SANDBOXING = YES;
				GCC_C_LANGUAGE_STANDARD = gnu17;
				GCC_NO_COMMON_BLOCKS = YES;
				GCC_WARN_64_TO_32_BIT_CONVERSION = YES;
				GCC_WARN_ABOUT_RETURN_TYPE = YES_ERROR;
				GCC_WARN_UNDECLARED_SELECTOR = YES;
				GCC_WARN_UNINITIALIZED_AUTOS = YES_AGGRESSIVE;
				GCC_WARN_UNUSED_FUNCTION = YES;
				GCC_WARN_UNUSED_VARIABLE = YES;
				LOCALIZATION_PREFERS_STRING_CATALOGS = YES;
				MTL_ENABLE_DEBUG_INFO = NO;
				MTL_FAST_MATH = YES;
				SWIFT_COMPILATION_MODE = wholemodule;
			};
			name = Release;
		};
		FF4731652ACD933900C4D8BE /* Debug */ = {
			isa = XCBuildConfiguration;
			buildSettings = {
				ASSETCATALOG_COMPILER_APPICON_NAME = AppIcon;
				ASSETCATALOG_COMPILER_GLOBAL_ACCENT_COLOR_NAME = AccentColor;
				CODE_SIGN_ENTITLEMENTS = ThreadsSwiftUI/ThreadsSwiftUI.entitlements;
				CODE_SIGN_STYLE = Automatic;
				CURRENT_PROJECT_VERSION = 1;
				DEVELOPMENT_ASSET_PATHS = "\"ThreadsSwiftUI/Preview Content\"";
				DEVELOPMENT_TEAM = SW8JAD37YH;
				ENABLE_HARDENED_RUNTIME = YES;
				ENABLE_PREVIEWS = YES;
				GENERATE_INFOPLIST_FILE = YES;
				"INFOPLIST_KEY_UIApplicationSceneManifest_Generation[sdk=iphoneos*]" = YES;
				"INFOPLIST_KEY_UIApplicationSceneManifest_Generation[sdk=iphonesimulator*]" = YES;
				"INFOPLIST_KEY_UIApplicationSupportsIndirectInputEvents[sdk=iphoneos*]" = YES;
				"INFOPLIST_KEY_UIApplicationSupportsIndirectInputEvents[sdk=iphonesimulator*]" = YES;
				"INFOPLIST_KEY_UILaunchScreen_Generation[sdk=iphoneos*]" = YES;
				"INFOPLIST_KEY_UILaunchScreen_Generation[sdk=iphonesimulator*]" = YES;
				"INFOPLIST_KEY_UIStatusBarStyle[sdk=iphoneos*]" = UIStatusBarStyleDefault;
				"INFOPLIST_KEY_UIStatusBarStyle[sdk=iphonesimulator*]" = UIStatusBarStyleDefault;
				INFOPLIST_KEY_UISupportedInterfaceOrientations_iPad = "UIInterfaceOrientationPortrait UIInterfaceOrientationPortraitUpsideDown UIInterfaceOrientationLandscapeLeft UIInterfaceOrientationLandscapeRight";
				INFOPLIST_KEY_UISupportedInterfaceOrientations_iPhone = "UIInterfaceOrientationPortrait UIInterfaceOrientationLandscapeLeft UIInterfaceOrientationLandscapeRight";
				IPHONEOS_DEPLOYMENT_TARGET = 17.0;
				LD_RUNPATH_SEARCH_PATHS = "@executable_path/Frameworks";
				"LD_RUNPATH_SEARCH_PATHS[sdk=macosx*]" = "@executable_path/../Frameworks";
				MACOSX_DEPLOYMENT_TARGET = 13.5;
				MARKETING_VERSION = 1.0;
				PRODUCT_BUNDLE_IDENTIFIER = com.boardguy1024.ThreadsSwiftUI;
				PRODUCT_NAME = "$(TARGET_NAME)";
				SDKROOT = auto;
				SUPPORTED_PLATFORMS = "iphoneos iphonesimulator macosx";
				SWIFT_EMIT_LOC_STRINGS = YES;
				SWIFT_VERSION = 5.0;
				TARGETED_DEVICE_FAMILY = "1,2";
			};
			name = Debug;
		};
		FF4731662ACD933900C4D8BE /* Release */ = {
			isa = XCBuildConfiguration;
			buildSettings = {
				ASSETCATALOG_COMPILER_APPICON_NAME = AppIcon;
				ASSETCATALOG_COMPILER_GLOBAL_ACCENT_COLOR_NAME = AccentColor;
				CODE_SIGN_ENTITLEMENTS = ThreadsSwiftUI/ThreadsSwiftUI.entitlements;
				CODE_SIGN_STYLE = Automatic;
				CURRENT_PROJECT_VERSION = 1;
				DEVELOPMENT_ASSET_PATHS = "\"ThreadsSwiftUI/Preview Content\"";
				DEVELOPMENT_TEAM = SW8JAD37YH;
				ENABLE_HARDENED_RUNTIME = YES;
				ENABLE_PREVIEWS = YES;
				GENERATE_INFOPLIST_FILE = YES;
				"INFOPLIST_KEY_UIApplicationSceneManifest_Generation[sdk=iphoneos*]" = YES;
				"INFOPLIST_KEY_UIApplicationSceneManifest_Generation[sdk=iphonesimulator*]" = YES;
				"INFOPLIST_KEY_UIApplicationSupportsIndirectInputEvents[sdk=iphoneos*]" = YES;
				"INFOPLIST_KEY_UIApplicationSupportsIndirectInputEvents[sdk=iphonesimulator*]" = YES;
				"INFOPLIST_KEY_UILaunchScreen_Generation[sdk=iphoneos*]" = YES;
				"INFOPLIST_KEY_UILaunchScreen_Generation[sdk=iphonesimulator*]" = YES;
				"INFOPLIST_KEY_UIStatusBarStyle[sdk=iphoneos*]" = UIStatusBarStyleDefault;
				"INFOPLIST_KEY_UIStatusBarStyle[sdk=iphonesimulator*]" = UIStatusBarStyleDefault;
				INFOPLIST_KEY_UISupportedInterfaceOrientations_iPad = "UIInterfaceOrientationPortrait UIInterfaceOrientationPortraitUpsideDown UIInterfaceOrientationLandscapeLeft UIInterfaceOrientationLandscapeRight";
				INFOPLIST_KEY_UISupportedInterfaceOrientations_iPhone = "UIInterfaceOrientationPortrait UIInterfaceOrientationLandscapeLeft UIInterfaceOrientationLandscapeRight";
				IPHONEOS_DEPLOYMENT_TARGET = 17.0;
				LD_RUNPATH_SEARCH_PATHS = "@executable_path/Frameworks";
				"LD_RUNPATH_SEARCH_PATHS[sdk=macosx*]" = "@executable_path/../Frameworks";
				MACOSX_DEPLOYMENT_TARGET = 13.5;
				MARKETING_VERSION = 1.0;
				PRODUCT_BUNDLE_IDENTIFIER = com.boardguy1024.ThreadsSwiftUI;
				PRODUCT_NAME = "$(TARGET_NAME)";
				SDKROOT = auto;
				SUPPORTED_PLATFORMS = "iphoneos iphonesimulator macosx";
				SWIFT_EMIT_LOC_STRINGS = YES;
				SWIFT_VERSION = 5.0;
				TARGETED_DEVICE_FAMILY = "1,2";
			};
			name = Release;
		};
/* End XCBuildConfiguration section */

/* Begin XCConfigurationList section */
		FF4731502ACD933800C4D8BE /* Build configuration list for PBXProject "ThreadsSwiftUI" */ = {
			isa = XCConfigurationList;
			buildConfigurations = (
				FF4731622ACD933900C4D8BE /* Debug */,
				FF4731632ACD933900C4D8BE /* Release */,
			);
			defaultConfigurationIsVisible = 0;
			defaultConfigurationName = Release;
		};
		FF4731642ACD933900C4D8BE /* Build configuration list for PBXNativeTarget "ThreadsSwiftUI" */ = {
			isa = XCConfigurationList;
			buildConfigurations = (
				FF4731652ACD933900C4D8BE /* Debug */,
				FF4731662ACD933900C4D8BE /* Release */,
			);
			defaultConfigurationIsVisible = 0;
			defaultConfigurationName = Release;
		};
/* End XCConfigurationList section */

/* Begin XCRemoteSwiftPackageReference section */
		FF47319C2ACDA7B500C4D8BE /* XCRemoteSwiftPackageReference "firebase-ios-sdk" */ = {
			isa = XCRemoteSwiftPackageReference;
			repositoryURL = "https://github.com/firebase/firebase-ios-sdk";
			requirement = {
				kind = upToNextMajorVersion;
				minimumVersion = 10.16.0;
			};
		};
		FF4C5D652AD1323F003F3E90 /* XCRemoteSwiftPackageReference "Kingfisher" */ = {
			isa = XCRemoteSwiftPackageReference;
			repositoryURL = "https://github.com/onevcat/Kingfisher";
			requirement = {
				kind = upToNextMajorVersion;
				minimumVersion = 7.9.1;
			};
		};
/* End XCRemoteSwiftPackageReference section */

/* Begin XCSwiftPackageProductDependency section */
		FF47319D2ACDA7B500C4D8BE /* FirebaseAnalytics */ = {
			isa = XCSwiftPackageProductDependency;
			package = FF47319C2ACDA7B500C4D8BE /* XCRemoteSwiftPackageReference "firebase-ios-sdk" */;
			productName = FirebaseAnalytics;
		};
		FF47319F2ACDA7B500C4D8BE /* FirebaseAnalyticsOnDeviceConversion */ = {
			isa = XCSwiftPackageProductDependency;
			package = FF47319C2ACDA7B500C4D8BE /* XCRemoteSwiftPackageReference "firebase-ios-sdk" */;
			productName = FirebaseAnalyticsOnDeviceConversion;
		};
		FF4731A12ACDA7B500C4D8BE /* FirebaseAnalyticsSwift */ = {
			isa = XCSwiftPackageProductDependency;
			package = FF47319C2ACDA7B500C4D8BE /* XCRemoteSwiftPackageReference "firebase-ios-sdk" */;
			productName = FirebaseAnalyticsSwift;
		};
		FF4731A32ACDA7B500C4D8BE /* FirebaseAnalyticsWithoutAdIdSupport */ = {
			isa = XCSwiftPackageProductDependency;
			package = FF47319C2ACDA7B500C4D8BE /* XCRemoteSwiftPackageReference "firebase-ios-sdk" */;
			productName = FirebaseAnalyticsWithoutAdIdSupport;
		};
		FF4731A52ACDA7B500C4D8BE /* FirebaseAppCheck */ = {
			isa = XCSwiftPackageProductDependency;
			package = FF47319C2ACDA7B500C4D8BE /* XCRemoteSwiftPackageReference "firebase-ios-sdk" */;
			productName = FirebaseAppCheck;
		};
		FF4731A72ACDA7B500C4D8BE /* FirebaseAppDistribution-Beta */ = {
			isa = XCSwiftPackageProductDependency;
			package = FF47319C2ACDA7B500C4D8BE /* XCRemoteSwiftPackageReference "firebase-ios-sdk" */;
			productName = "FirebaseAppDistribution-Beta";
		};
		FF4731A92ACDA7B500C4D8BE /* FirebaseAuth */ = {
			isa = XCSwiftPackageProductDependency;
			package = FF47319C2ACDA7B500C4D8BE /* XCRemoteSwiftPackageReference "firebase-ios-sdk" */;
			productName = FirebaseAuth;
		};
		FF4731AB2ACDA7B500C4D8BE /* FirebaseAuthCombine-Community */ = {
			isa = XCSwiftPackageProductDependency;
			package = FF47319C2ACDA7B500C4D8BE /* XCRemoteSwiftPackageReference "firebase-ios-sdk" */;
			productName = "FirebaseAuthCombine-Community";
		};
		FF4731AD2ACDA7B500C4D8BE /* FirebaseCrashlytics */ = {
			isa = XCSwiftPackageProductDependency;
			package = FF47319C2ACDA7B500C4D8BE /* XCRemoteSwiftPackageReference "firebase-ios-sdk" */;
			productName = FirebaseCrashlytics;
		};
		FF4731AF2ACDA7B500C4D8BE /* FirebaseDatabase */ = {
			isa = XCSwiftPackageProductDependency;
			package = FF47319C2ACDA7B500C4D8BE /* XCRemoteSwiftPackageReference "firebase-ios-sdk" */;
			productName = FirebaseDatabase;
		};
		FF4731B12ACDA7B500C4D8BE /* FirebaseDatabaseSwift */ = {
			isa = XCSwiftPackageProductDependency;
			package = FF47319C2ACDA7B500C4D8BE /* XCRemoteSwiftPackageReference "firebase-ios-sdk" */;
			productName = FirebaseDatabaseSwift;
		};
		FF4731B32ACDA7B500C4D8BE /* FirebaseDynamicLinks */ = {
			isa = XCSwiftPackageProductDependency;
			package = FF47319C2ACDA7B500C4D8BE /* XCRemoteSwiftPackageReference "firebase-ios-sdk" */;
			productName = FirebaseDynamicLinks;
		};
		FF4731B52ACDA7B500C4D8BE /* FirebaseFirestore */ = {
			isa = XCSwiftPackageProductDependency;
			package = FF47319C2ACDA7B500C4D8BE /* XCRemoteSwiftPackageReference "firebase-ios-sdk" */;
			productName = FirebaseFirestore;
		};
		FF4731B72ACDA7B500C4D8BE /* FirebaseFirestoreCombine-Community */ = {
			isa = XCSwiftPackageProductDependency;
			package = FF47319C2ACDA7B500C4D8BE /* XCRemoteSwiftPackageReference "firebase-ios-sdk" */;
			productName = "FirebaseFirestoreCombine-Community";
		};
		FF4731B92ACDA7B500C4D8BE /* FirebaseFirestoreSwift */ = {
			isa = XCSwiftPackageProductDependency;
			package = FF47319C2ACDA7B500C4D8BE /* XCRemoteSwiftPackageReference "firebase-ios-sdk" */;
			productName = FirebaseFirestoreSwift;
		};
		FF4731BB2ACDA7B500C4D8BE /* FirebaseFunctions */ = {
			isa = XCSwiftPackageProductDependency;
			package = FF47319C2ACDA7B500C4D8BE /* XCRemoteSwiftPackageReference "firebase-ios-sdk" */;
			productName = FirebaseFunctions;
		};
		FF4731BD2ACDA7B500C4D8BE /* FirebaseFunctionsCombine-Community */ = {
			isa = XCSwiftPackageProductDependency;
			package = FF47319C2ACDA7B500C4D8BE /* XCRemoteSwiftPackageReference "firebase-ios-sdk" */;
			productName = "FirebaseFunctionsCombine-Community";
		};
		FF4731BF2ACDA7B500C4D8BE /* FirebaseInAppMessaging-Beta */ = {
			isa = XCSwiftPackageProductDependency;
			package = FF47319C2ACDA7B500C4D8BE /* XCRemoteSwiftPackageReference "firebase-ios-sdk" */;
			productName = "FirebaseInAppMessaging-Beta";
		};
		FF4731C12ACDA7B500C4D8BE /* FirebaseInAppMessagingSwift-Beta */ = {
			isa = XCSwiftPackageProductDependency;
			package = FF47319C2ACDA7B500C4D8BE /* XCRemoteSwiftPackageReference "firebase-ios-sdk" */;
			productName = "FirebaseInAppMessagingSwift-Beta";
		};
		FF4731C32ACDA7B500C4D8BE /* FirebaseInstallations */ = {
			isa = XCSwiftPackageProductDependency;
			package = FF47319C2ACDA7B500C4D8BE /* XCRemoteSwiftPackageReference "firebase-ios-sdk" */;
			productName = FirebaseInstallations;
		};
		FF4731C52ACDA7B500C4D8BE /* FirebaseMLModelDownloader */ = {
			isa = XCSwiftPackageProductDependency;
			package = FF47319C2ACDA7B500C4D8BE /* XCRemoteSwiftPackageReference "firebase-ios-sdk" */;
			productName = FirebaseMLModelDownloader;
		};
		FF4731C72ACDA7B500C4D8BE /* FirebaseMessaging */ = {
			isa = XCSwiftPackageProductDependency;
			package = FF47319C2ACDA7B500C4D8BE /* XCRemoteSwiftPackageReference "firebase-ios-sdk" */;
			productName = FirebaseMessaging;
		};
		FF4731C92ACDA7B500C4D8BE /* FirebasePerformance */ = {
			isa = XCSwiftPackageProductDependency;
			package = FF47319C2ACDA7B500C4D8BE /* XCRemoteSwiftPackageReference "firebase-ios-sdk" */;
			productName = FirebasePerformance;
		};
		FF4731CB2ACDA7B500C4D8BE /* FirebaseRemoteConfig */ = {
			isa = XCSwiftPackageProductDependency;
			package = FF47319C2ACDA7B500C4D8BE /* XCRemoteSwiftPackageReference "firebase-ios-sdk" */;
			productName = FirebaseRemoteConfig;
		};
		FF4731CD2ACDA7B500C4D8BE /* FirebaseRemoteConfigSwift */ = {
			isa = XCSwiftPackageProductDependency;
			package = FF47319C2ACDA7B500C4D8BE /* XCRemoteSwiftPackageReference "firebase-ios-sdk" */;
			productName = FirebaseRemoteConfigSwift;
		};
		FF4731CF2ACDA7B500C4D8BE /* FirebaseStorage */ = {
			isa = XCSwiftPackageProductDependency;
			package = FF47319C2ACDA7B500C4D8BE /* XCRemoteSwiftPackageReference "firebase-ios-sdk" */;
			productName = FirebaseStorage;
		};
		FF4731D12ACDA7B500C4D8BE /* FirebaseStorageCombine-Community */ = {
			isa = XCSwiftPackageProductDependency;
			package = FF47319C2ACDA7B500C4D8BE /* XCRemoteSwiftPackageReference "firebase-ios-sdk" */;
			productName = "FirebaseStorageCombine-Community";
		};
		FF4C5D662AD1323F003F3E90 /* Kingfisher */ = {
			isa = XCSwiftPackageProductDependency;
			package = FF4C5D652AD1323F003F3E90 /* XCRemoteSwiftPackageReference "Kingfisher" */;
			productName = Kingfisher;
		};
/* End XCSwiftPackageProductDependency section */
	};
	rootObject = FF47314D2ACD933800C4D8BE /* Project object */;
}
