// !$*UTF8*$!
{
	archiveVersion = 1;
	classes = {
	};
	objectVersion = 56;
	objects = {

/* Begin PBXBuildFile section */
		FF4731592ACD933800C4D8BE /* ThreadsSwiftUIApp.swift in Sources */ = {isa = PBXBuildFile; fileRef = FF4731582ACD933800C4D8BE /* ThreadsSwiftUIApp.swift */; };
		FF47315B2ACD933800C4D8BE /* ContentView.swift in Sources */ = {isa = PBXBuildFile; fileRef = FF47315A2ACD933800C4D8BE /* ContentView.swift */; };
		FF4731612ACD933900C4D8BE /* Preview Assets.xcassets in Resources */ = {isa = PBXBuildFile; fileRef = FF4731602ACD933900C4D8BE /* Preview Assets.xcassets */; };
		FF4731682ACD936200C4D8BE /* Assets.xcassets in Resources */ = {isa = PBXBuildFile; fileRef = FF4731672ACD936200C4D8BE /* Assets.xcassets */; };
		FF47316D2ACD950E00C4D8BE /* BaseTabView.swift in Sources */ = {isa = PBXBuildFile; fileRef = FF47316C2ACD950E00C4D8BE /* BaseTabView.swift */; };
		FF4731702ACD991E00C4D8BE /* FeedView.swift in Sources */ = {isa = PBXBuildFile; fileRef = FF47316F2ACD991E00C4D8BE /* FeedView.swift */; };
		FF4731772ACD999D00C4D8BE /* UserProfileView.swift in Sources */ = {isa = PBXBuildFile; fileRef = FF4731762ACD999D00C4D8BE /* UserProfileView.swift */; };
		FF4731792ACD99A700C4D8BE /* ActivityView.swift in Sources */ = {isa = PBXBuildFile; fileRef = FF4731782ACD99A700C4D8BE /* ActivityView.swift */; };
		FF47317B2ACD99B500C4D8BE /* CreateThreadView.swift in Sources */ = {isa = PBXBuildFile; fileRef = FF47317A2ACD99B500C4D8BE /* CreateThreadView.swift */; };
		FF47317D2ACD99C400C4D8BE /* ExploreView.swift in Sources */ = {isa = PBXBuildFile; fileRef = FF47317C2ACD99C400C4D8BE /* ExploreView.swift */; };
		FF47317F2ACD9D9A00C4D8BE /* GoogleService-Info.plist in Resources */ = {isa = PBXBuildFile; fileRef = FF47317E2ACD9D9A00C4D8BE /* GoogleService-Info.plist */; };
		FF4731822ACD9DCF00C4D8BE /* FirebaseAnalytics in Frameworks */ = {isa = PBXBuildFile; productRef = FF4731812ACD9DCF00C4D8BE /* FirebaseAnalytics */; };
		FF4731842ACD9DCF00C4D8BE /* FirebaseAnalyticsOnDeviceConversion in Frameworks */ = {isa = PBXBuildFile; productRef = FF4731832ACD9DCF00C4D8BE /* FirebaseAnalyticsOnDeviceConversion */; };
		FF4731862ACD9DCF00C4D8BE /* FirebaseAnalyticsSwift in Frameworks */ = {isa = PBXBuildFile; productRef = FF4731852ACD9DCF00C4D8BE /* FirebaseAnalyticsSwift */; };
		FF4731882ACD9DCF00C4D8BE /* FirebaseAnalyticsWithoutAdIdSupport in Frameworks */ = {isa = PBXBuildFile; productRef = FF4731872ACD9DCF00C4D8BE /* FirebaseAnalyticsWithoutAdIdSupport */; };
		FF47318A2ACD9DCF00C4D8BE /* FirebaseAppCheck in Frameworks */ = {isa = PBXBuildFile; productRef = FF4731892ACD9DCF00C4D8BE /* FirebaseAppCheck */; };
/* End PBXBuildFile section */

/* Begin PBXFileReference section */
		FF4731552ACD933800C4D8BE /* ThreadsSwiftUI.app */ = {isa = PBXFileReference; explicitFileType = wrapper.application; includeInIndex = 0; path = ThreadsSwiftUI.app; sourceTree = BUILT_PRODUCTS_DIR; };
		FF4731582ACD933800C4D8BE /* ThreadsSwiftUIApp.swift */ = {isa = PBXFileReference; lastKnownFileType = sourcecode.swift; path = ThreadsSwiftUIApp.swift; sourceTree = "<group>"; };
		FF47315A2ACD933800C4D8BE /* ContentView.swift */ = {isa = PBXFileReference; lastKnownFileType = sourcecode.swift; path = ContentView.swift; sourceTree = "<group>"; };
		FF47315E2ACD933900C4D8BE /* ThreadsSwiftUI.entitlements */ = {isa = PBXFileReference; lastKnownFileType = text.plist.entitlements; path = ThreadsSwiftUI.entitlements; sourceTree = "<group>"; };
		FF4731602ACD933900C4D8BE /* Preview Assets.xcassets */ = {isa = PBXFileReference; lastKnownFileType = folder.assetcatalog; path = "Preview Assets.xcassets"; sourceTree = "<group>"; };
		FF4731672ACD936200C4D8BE /* Assets.xcassets */ = {isa = PBXFileReference; lastKnownFileType = folder.assetcatalog; path = Assets.xcassets; sourceTree = "<group>"; };
		FF47316C2ACD950E00C4D8BE /* BaseTabView.swift */ = {isa = PBXFileReference; lastKnownFileType = sourcecode.swift; path = BaseTabView.swift; sourceTree = "<group>"; };
		FF47316F2ACD991E00C4D8BE /* FeedView.swift */ = {isa = PBXFileReference; lastKnownFileType = sourcecode.swift; path = FeedView.swift; sourceTree = "<group>"; };
		FF4731762ACD999D00C4D8BE /* UserProfileView.swift */ = {isa = PBXFileReference; lastKnownFileType = sourcecode.swift; path = UserProfileView.swift; sourceTree = "<group>"; };
		FF4731782ACD99A700C4D8BE /* ActivityView.swift */ = {isa = PBXFileReference; lastKnownFileType = sourcecode.swift; path = ActivityView.swift; sourceTree = "<group>"; };
		FF47317A2ACD99B500C4D8BE /* CreateThreadView.swift */ = {isa = PBXFileReference; lastKnownFileType = sourcecode.swift; path = CreateThreadView.swift; sourceTree = "<group>"; };
		FF47317C2ACD99C400C4D8BE /* ExploreView.swift */ = {isa = PBXFileReference; lastKnownFileType = sourcecode.swift; path = ExploreView.swift; sourceTree = "<group>"; };
		FF47317E2ACD9D9A00C4D8BE /* GoogleService-Info.plist */ = {isa = PBXFileReference; fileEncoding = 4; lastKnownFileType = text.plist.xml; path = "GoogleService-Info.plist"; sourceTree = "<group>"; };
/* End PBXFileReference section */

/* Begin PBXFrameworksBuildPhase section */
		FF4731522ACD933800C4D8BE /* Frameworks */ = {
			isa = PBXFrameworksBuildPhase;
			buildActionMask = 2147483647;
			files = (
				FF4731862ACD9DCF00C4D8BE /* FirebaseAnalyticsSwift in Frameworks */,
				FF4731822ACD9DCF00C4D8BE /* FirebaseAnalytics in Frameworks */,
				FF4731842ACD9DCF00C4D8BE /* FirebaseAnalyticsOnDeviceConversion in Frameworks */,
				FF47318A2ACD9DCF00C4D8BE /* FirebaseAppCheck in Frameworks */,
				FF4731882ACD9DCF00C4D8BE /* FirebaseAnalyticsWithoutAdIdSupport in Frameworks */,
			);
			runOnlyForDeploymentPostprocessing = 0;
		};
/* End PBXFrameworksBuildPhase section */

/* Begin PBXGroup section */
		FF47314C2ACD933800C4D8BE = {
			isa = PBXGroup;
			children = (
				FF4731572ACD933800C4D8BE /* ThreadsSwiftUI */,
				FF4731562ACD933800C4D8BE /* Products */,
			);
			sourceTree = "<group>";
		};
		FF4731562ACD933800C4D8BE /* Products */ = {
			isa = PBXGroup;
			children = (
				FF4731552ACD933800C4D8BE /* ThreadsSwiftUI.app */,
			);
			name = Products;
			sourceTree = "<group>";
		};
		FF4731572ACD933800C4D8BE /* ThreadsSwiftUI */ = {
			isa = PBXGroup;
			children = (
				FF47317E2ACD9D9A00C4D8BE /* GoogleService-Info.plist */,
				FF4731692ACD94CF00C4D8BE /* Core */,
				FF47315A2ACD933800C4D8BE /* ContentView.swift */,
				FF4731582ACD933800C4D8BE /* ThreadsSwiftUIApp.swift */,
				FF47315E2ACD933900C4D8BE /* ThreadsSwiftUI.entitlements */,
				FF4731672ACD936200C4D8BE /* Assets.xcassets */,
				FF47315F2ACD933900C4D8BE /* Preview Content */,
			);
			path = ThreadsSwiftUI;
			sourceTree = "<group>";
		};
		FF47315F2ACD933900C4D8BE /* Preview Content */ = {
			isa = PBXGroup;
			children = (
				FF4731602ACD933900C4D8BE /* Preview Assets.xcassets */,
			);
			path = "Preview Content";
			sourceTree = "<group>";
		};
		FF4731692ACD94CF00C4D8BE /* Core */ = {
			isa = PBXGroup;
			children = (
				FF47316E2ACD990500C4D8BE /* TabViews */,
				FF47316A2ACD94E900C4D8BE /* TabBar */,
			);
			path = Core;
			sourceTree = "<group>";
		};
		FF47316A2ACD94E900C4D8BE /* TabBar */ = {
			isa = PBXGroup;
			children = (
				FF47316C2ACD950E00C4D8BE /* BaseTabView.swift */,
			);
			path = TabBar;
			sourceTree = "<group>";
		};
		FF47316E2ACD990500C4D8BE /* TabViews */ = {
			isa = PBXGroup;
			children = (
				FF4731712ACD992300C4D8BE /* Feed */,
				FF4731722ACD993A00C4D8BE /* Explore */,
				FF4731732ACD994B00C4D8BE /* CreateThread */,
				FF4731742ACD995900C4D8BE /* Activity */,
				FF4731752ACD996700C4D8BE /* UserProfile */,
			);
			path = TabViews;
			sourceTree = "<group>";
		};
		FF4731712ACD992300C4D8BE /* Feed */ = {
			isa = PBXGroup;
			children = (
				FF47316F2ACD991E00C4D8BE /* FeedView.swift */,
			);
			path = Feed;
			sourceTree = "<group>";
		};
		FF4731722ACD993A00C4D8BE /* Explore */ = {
			isa = PBXGroup;
			children = (
				FF47317C2ACD99C400C4D8BE /* ExploreView.swift */,
			);
			path = Explore;
			sourceTree = "<group>";
		};
		FF4731732ACD994B00C4D8BE /* CreateThread */ = {
			isa = PBXGroup;
			children = (
				FF47317A2ACD99B500C4D8BE /* CreateThreadView.swift */,
			);
			path = CreateThread;
			sourceTree = "<group>";
		};
		FF4731742ACD995900C4D8BE /* Activity */ = {
			isa = PBXGroup;
			children = (
				FF4731782ACD99A700C4D8BE /* ActivityView.swift */,
			);
			path = Activity;
			sourceTree = "<group>";
		};
		FF4731752ACD996700C4D8BE /* UserProfile */ = {
			isa = PBXGroup;
			children = (
				FF4731762ACD999D00C4D8BE /* UserProfileView.swift */,
			);
			path = UserProfile;
			sourceTree = "<group>";
		};
/* End PBXGroup section */

/* Begin PBXNativeTarget section */
		FF4731542ACD933800C4D8BE /* ThreadsSwiftUI */ = {
			isa = PBXNativeTarget;
			buildConfigurationList = FF4731642ACD933900C4D8BE /* Build configuration list for PBXNativeTarget "ThreadsSwiftUI" */;
			buildPhases = (
				FF4731512ACD933800C4D8BE /* Sources */,
				FF4731522ACD933800C4D8BE /* Frameworks */,
				FF4731532ACD933800C4D8BE /* Resources */,
			);
			buildRules = (
			);
			dependencies = (
			);
			name = ThreadsSwiftUI;
			packageProductDependencies = (
				FF4731812ACD9DCF00C4D8BE /* FirebaseAnalytics */,
				FF4731832ACD9DCF00C4D8BE /* FirebaseAnalyticsOnDeviceConversion */,
				FF4731852ACD9DCF00C4D8BE /* FirebaseAnalyticsSwift */,
				FF4731872ACD9DCF00C4D8BE /* FirebaseAnalyticsWithoutAdIdSupport */,
				FF4731892ACD9DCF00C4D8BE /* FirebaseAppCheck */,
			);
			productName = ThreadsSwiftUI;
			productReference = FF4731552ACD933800C4D8BE /* ThreadsSwiftUI.app */;
			productType = "com.apple.product-type.application";
		};
/* End PBXNativeTarget section */

/* Begin PBXProject section */
		FF47314D2ACD933800C4D8BE /* Project object */ = {
			isa = PBXProject;
			attributes = {
				BuildIndependentTargetsInParallel = 1;
				LastSwiftUpdateCheck = 1500;
				LastUpgradeCheck = 1500;
				TargetAttributes = {
					FF4731542ACD933800C4D8BE = {
						CreatedOnToolsVersion = 15.0;
					};
				};
			};
			buildConfigurationList = FF4731502ACD933800C4D8BE /* Build configuration list for PBXProject "ThreadsSwiftUI" */;
			compatibilityVersion = "Xcode 14.0";
			developmentRegion = en;
			hasScannedForEncodings = 0;
			knownRegions = (
				en,
				Base,
			);
			mainGroup = FF47314C2ACD933800C4D8BE;
			packageReferences = (
				FF4731802ACD9DCF00C4D8BE /* XCRemoteSwiftPackageReference "firebase-ios-sdk" */,
			);
			productRefGroup = FF4731562ACD933800C4D8BE /* Products */;
			projectDirPath = "";
			projectRoot = "";
			targets = (
				FF4731542ACD933800C4D8BE /* ThreadsSwiftUI */,
			);
		};
/* End PBXProject section */

/* Begin PBXResourcesBuildPhase section */
		FF4731532ACD933800C4D8BE /* Resources */ = {
			isa = PBXResourcesBuildPhase;
			buildActionMask = 2147483647;
			files = (
				FF4731682ACD936200C4D8BE /* Assets.xcassets in Resources */,
				FF4731612ACD933900C4D8BE /* Preview Assets.xcassets in Resources */,
				FF47317F2ACD9D9A00C4D8BE /* GoogleService-Info.plist in Resources */,
			);
			runOnlyForDeploymentPostprocessing = 0;
		};
/* End PBXResourcesBuildPhase section */

/* Begin PBXSourcesBuildPhase section */
		FF4731512ACD933800C4D8BE /* Sources */ = {
			isa = PBXSourcesBuildPhase;
			buildActionMask = 2147483647;
			files = (
				FF4731772ACD999D00C4D8BE /* UserProfileView.swift in Sources */,
				FF4731702ACD991E00C4D8BE /* FeedView.swift in Sources */,
				FF47315B2ACD933800C4D8BE /* ContentView.swift in Sources */,
				FF47316D2ACD950E00C4D8BE /* BaseTabView.swift in Sources */,
				FF4731592ACD933800C4D8BE /* ThreadsSwiftUIApp.swift in Sources */,
				FF47317B2ACD99B500C4D8BE /* CreateThreadView.swift in Sources */,
				FF47317D2ACD99C400C4D8BE /* ExploreView.swift in Sources */,
				FF4731792ACD99A700C4D8BE /* ActivityView.swift in Sources */,
			);
			runOnlyForDeploymentPostprocessing = 0;
		};
/* End PBXSourcesBuildPhase section */

/* Begin XCBuildConfiguration section */
		FF4731622ACD933900C4D8BE /* Debug */ = {
			isa = XCBuildConfiguration;
			buildSettings = {
				ALWAYS_SEARCH_USER_PATHS = NO;
				ASSETCATALOG_COMPILER_GENERATE_SWIFT_ASSET_SYMBOL_EXTENSIONS = YES;
				CLANG_ANALYZER_NONNULL = YES;
				CLANG_ANALYZER_NUMBER_OBJECT_CONVERSION = YES_AGGRESSIVE;
				CLANG_CXX_LANGUAGE_STANDARD = "gnu++20";
				CLANG_ENABLE_MODULES = YES;
				CLANG_ENABLE_OBJC_ARC = YES;
				CLANG_ENABLE_OBJC_WEAK = YES;
				CLANG_WARN_BLOCK_CAPTURE_AUTORELEASING = YES;
				CLANG_WARN_BOOL_CONVERSION = YES;
				CLANG_WARN_COMMA = YES;
				CLANG_WARN_CONSTANT_CONVERSION = YES;
				CLANG_WARN_DEPRECATED_OBJC_IMPLEMENTATIONS = YES;
				CLANG_WARN_DIRECT_OBJC_ISA_USAGE = YES_ERROR;
				CLANG_WARN_DOCUMENTATION_COMMENTS = YES;
				CLANG_WARN_EMPTY_BODY = YES;
				CLANG_WARN_ENUM_CONVERSION = YES;
				CLANG_WARN_INFINITE_RECURSION = YES;
				CLANG_WARN_INT_CONVERSION = YES;
				CLANG_WARN_NON_LITERAL_NULL_CONVERSION = YES;
				CLANG_WARN_OBJC_IMPLICIT_RETAIN_SELF = YES;
				CLANG_WARN_OBJC_LITERAL_CONVERSION = YES;
				CLANG_WARN_OBJC_ROOT_CLASS = YES_ERROR;
				CLANG_WARN_QUOTED_INCLUDE_IN_FRAMEWORK_HEADER = YES;
				CLANG_WARN_RANGE_LOOP_ANALYSIS = YES;
				CLANG_WARN_STRICT_PROTOTYPES = YES;
				CLANG_WARN_SUSPICIOUS_MOVE = YES;
				CLANG_WARN_UNGUARDED_AVAILABILITY = YES_AGGRESSIVE;
				CLANG_WARN_UNREACHABLE_CODE = YES;
				CLANG_WARN__DUPLICATE_METHOD_MATCH = YES;
				COPY_PHASE_STRIP = NO;
				DEBUG_INFORMATION_FORMAT = dwarf;
				ENABLE_STRICT_OBJC_MSGSEND = YES;
				ENABLE_TESTABILITY = YES;
				ENABLE_USER_SCRIPT_SANDBOXING = YES;
				GCC_C_LANGUAGE_STANDARD = gnu17;
				GCC_DYNAMIC_NO_PIC = NO;
				GCC_NO_COMMON_BLOCKS = YES;
				GCC_OPTIMIZATION_LEVEL = 0;
				GCC_PREPROCESSOR_DEFINITIONS = (
					"DEBUG=1",
					"$(inherited)",
				);
				GCC_WARN_64_TO_32_BIT_CONVERSION = YES;
				GCC_WARN_ABOUT_RETURN_TYPE = YES_ERROR;
				GCC_WARN_UNDECLARED_SELECTOR = YES;
				GCC_WARN_UNINITIALIZED_AUTOS = YES_AGGRESSIVE;
				GCC_WARN_UNUSED_FUNCTION = YES;
				GCC_WARN_UNUSED_VARIABLE = YES;
				LOCALIZATION_PREFERS_STRING_CATALOGS = YES;
				MTL_ENABLE_DEBUG_INFO = INCLUDE_SOURCE;
				MTL_FAST_MATH = YES;
				ONLY_ACTIVE_ARCH = YES;
				SWIFT_ACTIVE_COMPILATION_CONDITIONS = "DEBUG $(inherited)";
				SWIFT_OPTIMIZATION_LEVEL = "-Onone";
			};
			name = Debug;
		};
		FF4731632ACD933900C4D8BE /* Release */ = {
			isa = XCBuildConfiguration;
			buildSettings = {
				ALWAYS_SEARCH_USER_PATHS = NO;
				ASSETCATALOG_COMPILER_GENERATE_SWIFT_ASSET_SYMBOL_EXTENSIONS = YES;
				CLANG_ANALYZER_NONNULL = YES;
				CLANG_ANALYZER_NUMBER_OBJECT_CONVERSION = YES_AGGRESSIVE;
				CLANG_CXX_LANGUAGE_STANDARD = "gnu++20";
				CLANG_ENABLE_MODULES = YES;
				CLANG_ENABLE_OBJC_ARC = YES;
				CLANG_ENABLE_OBJC_WEAK = YES;
				CLANG_WARN_BLOCK_CAPTURE_AUTORELEASING = YES;
				CLANG_WARN_BOOL_CONVERSION = YES;
				CLANG_WARN_COMMA = YES;
				CLANG_WARN_CONSTANT_CONVERSION = YES;
				CLANG_WARN_DEPRECATED_OBJC_IMPLEMENTATIONS = YES;
				CLANG_WARN_DIRECT_OBJC_ISA_USAGE = YES_ERROR;
				CLANG_WARN_DOCUMENTATION_COMMENTS = YES;
				CLANG_WARN_EMPTY_BODY = YES;
				CLANG_WARN_ENUM_CONVERSION = YES;
				CLANG_WARN_INFINITE_RECURSION = YES;
				CLANG_WARN_INT_CONVERSION = YES;
				CLANG_WARN_NON_LITERAL_NULL_CONVERSION = YES;
				CLANG_WARN_OBJC_IMPLICIT_RETAIN_SELF = YES;
				CLANG_WARN_OBJC_LITERAL_CONVERSION = YES;
				CLANG_WARN_OBJC_ROOT_CLASS = YES_ERROR;
				CLANG_WARN_QUOTED_INCLUDE_IN_FRAMEWORK_HEADER = YES;
				CLANG_WARN_RANGE_LOOP_ANALYSIS = YES;
				CLANG_WARN_STRICT_PROTOTYPES = YES;
				CLANG_WARN_SUSPICIOUS_MOVE = YES;
				CLANG_WARN_UNGUARDED_AVAILABILITY = YES_AGGRESSIVE;
				CLANG_WARN_UNREACHABLE_CODE = YES;
				CLANG_WARN__DUPLICATE_METHOD_MATCH = YES;
				COPY_PHASE_STRIP = NO;
				DEBUG_INFORMATION_FORMAT = "dwarf-with-dsym";
				ENABLE_NS_ASSERTIONS = NO;
				ENABLE_STRICT_OBJC_MSGSEND = YES;
				ENABLE_USER_SCRIPT_SANDBOXING = YES;
				GCC_C_LANGUAGE_STANDARD = gnu17;
				GCC_NO_COMMON_BLOCKS = YES;
				GCC_WARN_64_TO_32_BIT_CONVERSION = YES;
				GCC_WARN_ABOUT_RETURN_TYPE = YES_ERROR;
				GCC_WARN_UNDECLARED_SELECTOR = YES;
				GCC_WARN_UNINITIALIZED_AUTOS = YES_AGGRESSIVE;
				GCC_WARN_UNUSED_FUNCTION = YES;
				GCC_WARN_UNUSED_VARIABLE = YES;
				LOCALIZATION_PREFERS_STRING_CATALOGS = YES;
				MTL_ENABLE_DEBUG_INFO = NO;
				MTL_FAST_MATH = YES;
				SWIFT_COMPILATION_MODE = wholemodule;
			};
			name = Release;
		};
		FF4731652ACD933900C4D8BE /* Debug */ = {
			isa = XCBuildConfiguration;
			buildSettings = {
				ASSETCATALOG_COMPILER_APPICON_NAME = AppIcon;
				ASSETCATALOG_COMPILER_GLOBAL_ACCENT_COLOR_NAME = AccentColor;
				CODE_SIGN_ENTITLEMENTS = ThreadsSwiftUI/ThreadsSwiftUI.entitlements;
				CODE_SIGN_STYLE = Automatic;
				CURRENT_PROJECT_VERSION = 1;
				DEVELOPMENT_ASSET_PATHS = "\"ThreadsSwiftUI/Preview Content\"";
				DEVELOPMENT_TEAM = FRBYK4548E;
				ENABLE_HARDENED_RUNTIME = YES;
				ENABLE_PREVIEWS = YES;
				GENERATE_INFOPLIST_FILE = YES;
				"INFOPLIST_KEY_UIApplicationSceneManifest_Generation[sdk=iphoneos*]" = YES;
				"INFOPLIST_KEY_UIApplicationSceneManifest_Generation[sdk=iphonesimulator*]" = YES;
				"INFOPLIST_KEY_UIApplicationSupportsIndirectInputEvents[sdk=iphoneos*]" = YES;
				"INFOPLIST_KEY_UIApplicationSupportsIndirectInputEvents[sdk=iphonesimulator*]" = YES;
				"INFOPLIST_KEY_UILaunchScreen_Generation[sdk=iphoneos*]" = YES;
				"INFOPLIST_KEY_UILaunchScreen_Generation[sdk=iphonesimulator*]" = YES;
				"INFOPLIST_KEY_UIStatusBarStyle[sdk=iphoneos*]" = UIStatusBarStyleDefault;
				"INFOPLIST_KEY_UIStatusBarStyle[sdk=iphonesimulator*]" = UIStatusBarStyleDefault;
				INFOPLIST_KEY_UISupportedInterfaceOrientations_iPad = "UIInterfaceOrientationPortrait UIInterfaceOrientationPortraitUpsideDown UIInterfaceOrientationLandscapeLeft UIInterfaceOrientationLandscapeRight";
				INFOPLIST_KEY_UISupportedInterfaceOrientations_iPhone = "UIInterfaceOrientationPortrait UIInterfaceOrientationLandscapeLeft UIInterfaceOrientationLandscapeRight";
				IPHONEOS_DEPLOYMENT_TARGET = 17.0;
				LD_RUNPATH_SEARCH_PATHS = "@executable_path/Frameworks";
				"LD_RUNPATH_SEARCH_PATHS[sdk=macosx*]" = "@executable_path/../Frameworks";
				MACOSX_DEPLOYMENT_TARGET = 13.5;
				MARKETING_VERSION = 1.0;
				PRODUCT_BUNDLE_IDENTIFIER = com.boardguy1024.ThreadsSwiftUI;
				PRODUCT_NAME = "$(TARGET_NAME)";
				SDKROOT = auto;
				SUPPORTED_PLATFORMS = "iphoneos iphonesimulator macosx";
				SWIFT_EMIT_LOC_STRINGS = YES;
				SWIFT_VERSION = 5.0;
				TARGETED_DEVICE_FAMILY = "1,2";
			};
			name = Debug;
		};
		FF4731662ACD933900C4D8BE /* Release */ = {
			isa = XCBuildConfiguration;
			buildSettings = {
				ASSETCATALOG_COMPILER_APPICON_NAME = AppIcon;
				ASSETCATALOG_COMPILER_GLOBAL_ACCENT_COLOR_NAME = AccentColor;
				CODE_SIGN_ENTITLEMENTS = ThreadsSwiftUI/ThreadsSwiftUI.entitlements;
				CODE_SIGN_STYLE = Automatic;
				CURRENT_PROJECT_VERSION = 1;
				DEVELOPMENT_ASSET_PATHS = "\"ThreadsSwiftUI/Preview Content\"";
				DEVELOPMENT_TEAM = FRBYK4548E;
				ENABLE_HARDENED_RUNTIME = YES;
				ENABLE_PREVIEWS = YES;
				GENERATE_INFOPLIST_FILE = YES;
				"INFOPLIST_KEY_UIApplicationSceneManifest_Generation[sdk=iphoneos*]" = YES;
				"INFOPLIST_KEY_UIApplicationSceneManifest_Generation[sdk=iphonesimulator*]" = YES;
				"INFOPLIST_KEY_UIApplicationSupportsIndirectInputEvents[sdk=iphoneos*]" = YES;
				"INFOPLIST_KEY_UIApplicationSupportsIndirectInputEvents[sdk=iphonesimulator*]" = YES;
				"INFOPLIST_KEY_UILaunchScreen_Generation[sdk=iphoneos*]" = YES;
				"INFOPLIST_KEY_UILaunchScreen_Generation[sdk=iphonesimulator*]" = YES;
				"INFOPLIST_KEY_UIStatusBarStyle[sdk=iphoneos*]" = UIStatusBarStyleDefault;
				"INFOPLIST_KEY_UIStatusBarStyle[sdk=iphonesimulator*]" = UIStatusBarStyleDefault;
				INFOPLIST_KEY_UISupportedInterfaceOrientations_iPad = "UIInterfaceOrientationPortrait UIInterfaceOrientationPortraitUpsideDown UIInterfaceOrientationLandscapeLeft UIInterfaceOrientationLandscapeRight";
				INFOPLIST_KEY_UISupportedInterfaceOrientations_iPhone = "UIInterfaceOrientationPortrait UIInterfaceOrientationLandscapeLeft UIInterfaceOrientationLandscapeRight";
				IPHONEOS_DEPLOYMENT_TARGET = 17.0;
				LD_RUNPATH_SEARCH_PATHS = "@executable_path/Frameworks";
				"LD_RUNPATH_SEARCH_PATHS[sdk=macosx*]" = "@executable_path/../Frameworks";
				MACOSX_DEPLOYMENT_TARGET = 13.5;
				MARKETING_VERSION = 1.0;
				PRODUCT_BUNDLE_IDENTIFIER = com.boardguy1024.ThreadsSwiftUI;
				PRODUCT_NAME = "$(TARGET_NAME)";
				SDKROOT = auto;
				SUPPORTED_PLATFORMS = "iphoneos iphonesimulator macosx";
				SWIFT_EMIT_LOC_STRINGS = YES;
				SWIFT_VERSION = 5.0;
				TARGETED_DEVICE_FAMILY = "1,2";
			};
			name = Release;
		};
/* End XCBuildConfiguration section */

/* Begin XCConfigurationList section */
		FF4731502ACD933800C4D8BE /* Build configuration list for PBXProject "ThreadsSwiftUI" */ = {
			isa = XCConfigurationList;
			buildConfigurations = (
				FF4731622ACD933900C4D8BE /* Debug */,
				FF4731632ACD933900C4D8BE /* Release */,
			);
			defaultConfigurationIsVisible = 0;
			defaultConfigurationName = Release;
		};
		FF4731642ACD933900C4D8BE /* Build configuration list for PBXNativeTarget "ThreadsSwiftUI" */ = {
			isa = XCConfigurationList;
			buildConfigurations = (
				FF4731652ACD933900C4D8BE /* Debug */,
				FF4731662ACD933900C4D8BE /* Release */,
			);
			defaultConfigurationIsVisible = 0;
			defaultConfigurationName = Release;
		};
/* End XCConfigurationList section */

/* Begin XCRemoteSwiftPackageReference section */
		FF4731802ACD9DCF00C4D8BE /* XCRemoteSwiftPackageReference "firebase-ios-sdk" */ = {
			isa = XCRemoteSwiftPackageReference;
			repositoryURL = "https://github.com/firebase/firebase-ios-sdk";
			requirement = {
				kind = upToNextMajorVersion;
				minimumVersion = 10.16.0;
			};
		};
/* End XCRemoteSwiftPackageReference section */

/* Begin XCSwiftPackageProductDependency section */
		FF4731812ACD9DCF00C4D8BE /* FirebaseAnalytics */ = {
			isa = XCSwiftPackageProductDependency;
			package = FF4731802ACD9DCF00C4D8BE /* XCRemoteSwiftPackageReference "firebase-ios-sdk" */;
			productName = FirebaseAnalytics;
		};
		FF4731832ACD9DCF00C4D8BE /* FirebaseAnalyticsOnDeviceConversion */ = {
			isa = XCSwiftPackageProductDependency;
			package = FF4731802ACD9DCF00C4D8BE /* XCRemoteSwiftPackageReference "firebase-ios-sdk" */;
			productName = FirebaseAnalyticsOnDeviceConversion;
		};
		FF4731852ACD9DCF00C4D8BE /* FirebaseAnalyticsSwift */ = {
			isa = XCSwiftPackageProductDependency;
			package = FF4731802ACD9DCF00C4D8BE /* XCRemoteSwiftPackageReference "firebase-ios-sdk" */;
			productName = FirebaseAnalyticsSwift;
		};
		FF4731872ACD9DCF00C4D8BE /* FirebaseAnalyticsWithoutAdIdSupport */ = {
			isa = XCSwiftPackageProductDependency;
			package = FF4731802ACD9DCF00C4D8BE /* XCRemoteSwiftPackageReference "firebase-ios-sdk" */;
			productName = FirebaseAnalyticsWithoutAdIdSupport;
		};
		FF4731892ACD9DCF00C4D8BE /* FirebaseAppCheck */ = {
			isa = XCSwiftPackageProductDependency;
			package = FF4731802ACD9DCF00C4D8BE /* XCRemoteSwiftPackageReference "firebase-ios-sdk" */;
			productName = FirebaseAppCheck;
		};
/* End XCSwiftPackageProductDependency section */
	};
	rootObject = FF47314D2ACD933800C4D8BE /* Project object */;
}
